// !$*UTF8*$!
{
	archiveVersion = 1;
	classes = {
	};
	objectVersion = 55;
	objects = {

/* Begin PBXBuildFile section */
		1986D050E93959B5A380196C /* Pods_HuanChengSDK.framework in Frameworks */ = {isa = PBXBuildFile; fileRef = 8FF1A39D985F5328380198C2 /* Pods_HuanChengSDK.framework */; };
		2F56EF192AD7B76100F37172 /* AlignLabel.m in Sources */ = {isa = PBXBuildFile; fileRef = 2F56EE8E2AD7B76100F37172 /* AlignLabel.m */; };
		2F56EF1A2AD7B76100F37172 /* PrivacyAuthorization.m in Sources */ = {isa = PBXBuildFile; fileRef = 2F56EE8F2AD7B76100F37172 /* PrivacyAuthorization.m */; };
		2F56EF1B2AD7B76100F37172 /* DownloadSoundManager.m in Sources */ = {isa = PBXBuildFile; fileRef = 2F56EE912AD7B76100F37172 /* DownloadSoundManager.m */; };
		2F56EF1C2AD7B76100F37172 /* InshortTF.m in Sources */ = {isa = PBXBuildFile; fileRef = 2F56EE942AD7B76100F37172 /* InshortTF.m */; };
		2F56EF1D2AD7B76100F37172 /* RefreshHeader.m in Sources */ = {isa = PBXBuildFile; fileRef = 2F56EE9A2AD7B76100F37172 /* RefreshHeader.m */; };
		2F56EF1E2AD7B76100F37172 /* RefreshFooter.m in Sources */ = {isa = PBXBuildFile; fileRef = 2F56EE9B2AD7B76100F37172 /* RefreshFooter.m */; };
		2F56EF1F2AD7B76100F37172 /* RefreshManager.m in Sources */ = {isa = PBXBuildFile; fileRef = 2F56EE9C2AD7B76100F37172 /* RefreshManager.m */; };
		2F56EF202AD7B76100F37172 /* AESTool.m in Sources */ = {isa = PBXBuildFile; fileRef = 2F56EE9D2AD7B76100F37172 /* AESTool.m */; };
		2F56EF212AD7B76100F37172 /* AlertTool.m in Sources */ = {isa = PBXBuildFile; fileRef = 2F56EE9E2AD7B76100F37172 /* AlertTool.m */; };
		2F56EF222AD7B76100F37172 /* LanguageTool.m in Sources */ = {isa = PBXBuildFile; fileRef = 2F56EE9F2AD7B76100F37172 /* LanguageTool.m */; };
		2F56EF232AD7B76100F37172 /* KeyCenter.m in Sources */ = {isa = PBXBuildFile; fileRef = 2F56EEA02AD7B76100F37172 /* KeyCenter.m */; };
		2F56EF242AD7B76100F37172 /* ScreenshotTool.m in Sources */ = {isa = PBXBuildFile; fileRef = 2F56EEA12AD7B76100F37172 /* ScreenshotTool.m */; };
		2F56EF252AD7B76100F37172 /* AVAudioManager.m in Sources */ = {isa = PBXBuildFile; fileRef = 2F56EEA32AD7B76100F37172 /* AVAudioManager.m */; };
		2F56EF262AD7B76100F37172 /* DeviceTool.m in Sources */ = {isa = PBXBuildFile; fileRef = 2F56EEA82AD7B76100F37172 /* DeviceTool.m */; };
		2F56EF272AD7B76100F37172 /* ToastTool.m in Sources */ = {isa = PBXBuildFile; fileRef = 2F56EEAC2AD7B76100F37172 /* ToastTool.m */; };
		2F56EF282AD7B76100F37172 /* CacheManager.m in Sources */ = {isa = PBXBuildFile; fileRef = 2F56EEAD2AD7B76100F37172 /* CacheManager.m */; };
		2F56EF292AD7B76100F37172 /* ProgressHUD.m in Sources */ = {isa = PBXBuildFile; fileRef = 2F56EEB32AD7B76100F37172 /* ProgressHUD.m */; };
		2F56EF2A2AD7B76100F37172 /* ThirdTool.m in Sources */ = {isa = PBXBuildFile; fileRef = 2F56EEB42AD7B76100F37172 /* ThirdTool.m */; };
		2F56EF2B2AD7B76100F37172 /* FontTools.m in Sources */ = {isa = PBXBuildFile; fileRef = 2F56EEB52AD7B76100F37172 /* FontTools.m */; };
		2F56EF2C2AD7B76100F37172 /* DGBackgroudDownloadModel.m in Sources */ = {isa = PBXBuildFile; fileRef = 2F56EEB92AD7B76100F37172 /* DGBackgroudDownloadModel.m */; };
		2F56EF2D2AD7B76100F37172 /* DGBackgroudDownloadDelegate.m in Sources */ = {isa = PBXBuildFile; fileRef = 2F56EEBB2AD7B76100F37172 /* DGBackgroudDownloadDelegate.m */; };
		2F56EF2E2AD7B76100F37172 /* NSData+Category.m in Sources */ = {isa = PBXBuildFile; fileRef = 2F56EEBE2AD7B76100F37172 /* NSData+Category.m */; };
		2F56EF2F2AD7B76100F37172 /* DGBackgroudDownloadCacheManager.m in Sources */ = {isa = PBXBuildFile; fileRef = 2F56EEBF2AD7B76100F37172 /* DGBackgroudDownloadCacheManager.m */; };
		2F56EF302AD7B76100F37172 /* DGBackgroudDownloadSaveModel.m in Sources */ = {isa = PBXBuildFile; fileRef = 2F56EEC12AD7B76100F37172 /* DGBackgroudDownloadSaveModel.m */; };
		2F56EF312AD7B76100F37172 /* NSURLSession+CorrectedResumeData.m in Sources */ = {isa = PBXBuildFile; fileRef = 2F56EEC32AD7B76100F37172 /* NSURLSession+CorrectedResumeData.m */; };
		2F56EF322AD7B76100F37172 /* DGBackgroudDownloadManager.m in Sources */ = {isa = PBXBuildFile; fileRef = 2F56EEC42AD7B76100F37172 /* DGBackgroudDownloadManager.m */; };
		2F56EF332AD7B76100F37172 /* FilePathTool.m in Sources */ = {isa = PBXBuildFile; fileRef = 2F56EEC62AD7B76100F37172 /* FilePathTool.m */; };
		2F56EF342AD7B76100F37172 /* UILabel+Extension.m in Sources */ = {isa = PBXBuildFile; fileRef = 2F56EECE2AD7B76100F37172 /* UILabel+Extension.m */; };
		2F56EF352AD7B76100F37172 /* UIViewController+Extension.m in Sources */ = {isa = PBXBuildFile; fileRef = 2F56EED22AD7B76100F37172 /* UIViewController+Extension.m */; };
		2F56EF362AD7B76100F37172 /* UIImage+Extension.m in Sources */ = {isa = PBXBuildFile; fileRef = 2F56EED42AD7B76100F37172 /* UIImage+Extension.m */; };
		2F56EF372AD7B76100F37172 /* UIViewController+RotationControl.m in Sources */ = {isa = PBXBuildFile; fileRef = 2F56EED52AD7B76100F37172 /* UIViewController+RotationControl.m */; };
		2F56EF382AD7B76100F37172 /* UIImageView+Extension.m in Sources */ = {isa = PBXBuildFile; fileRef = 2F56EED62AD7B76100F37172 /* UIImageView+Extension.m */; };
		2F56EF392AD7B76100F37172 /* UIFont+Extension.m in Sources */ = {isa = PBXBuildFile; fileRef = 2F56EED72AD7B76100F37172 /* UIFont+Extension.m */; };
		2F56EF3A2AD7B76100F37172 /* NSDictionary+Extension.m in Sources */ = {isa = PBXBuildFile; fileRef = 2F56EED82AD7B76100F37172 /* NSDictionary+Extension.m */; };
		2F56EF3B2AD7B76100F37172 /* UITextView+Extension.m in Sources */ = {isa = PBXBuildFile; fileRef = 2F56EED92AD7B76100F37172 /* UITextView+Extension.m */; };
		2F56EF3C2AD7B76100F37172 /* NSDate+Extension.m in Sources */ = {isa = PBXBuildFile; fileRef = 2F56EEDB2AD7B76100F37172 /* NSDate+Extension.m */; };
		2F56EF3D2AD7B76100F37172 /* UIColor+Extension.m in Sources */ = {isa = PBXBuildFile; fileRef = 2F56EEDC2AD7B76100F37172 /* UIColor+Extension.m */; };
		2F56EF3E2AD7B76100F37172 /* NSString+Extension.m in Sources */ = {isa = PBXBuildFile; fileRef = 2F56EEDD2AD7B76100F37172 /* NSString+Extension.m */; };
		2F56EF3F2AD7B76100F37172 /* UIAlertController+Extension.m in Sources */ = {isa = PBXBuildFile; fileRef = 2F56EEDF2AD7B76100F37172 /* UIAlertController+Extension.m */; };
		2F56EF402AD7B76100F37172 /* UIButton+Extension.m in Sources */ = {isa = PBXBuildFile; fileRef = 2F56EEE12AD7B76100F37172 /* UIButton+Extension.m */; };
		2F56EF412AD7B76100F37172 /* UIView+Extension.m in Sources */ = {isa = PBXBuildFile; fileRef = 2F56EEE22AD7B76100F37172 /* UIView+Extension.m */; };
		2F56EF422AD7B76100F37172 /* NetworkComponent.m in Sources */ = {isa = PBXBuildFile; fileRef = 2F56EEE72AD7B76100F37172 /* NetworkComponent.m */; };
		2F56EF432AD7B76100F37172 /* NetworkService.m in Sources */ = {isa = PBXBuildFile; fileRef = 2F56EEE82AD7B76100F37172 /* NetworkService.m */; };
		2F56EF442AD7B76100F37172 /* RequestConst.m in Sources */ = {isa = PBXBuildFile; fileRef = 2F56EEEB2AD7B76100F37172 /* RequestConst.m */; };
		2F56EF452AD7B76100F37172 /* TextConst.m in Sources */ = {isa = PBXBuildFile; fileRef = 2F56EEEC2AD7B76100F37172 /* TextConst.m */; };
		2F56EF462AD7B76100F37172 /* BaseWebViewController.m in Sources */ = {isa = PBXBuildFile; fileRef = 2F56EEF52AD7B76100F37172 /* BaseWebViewController.m */; };
		2F56EF472AD7B76100F37172 /* BaseUserInfoTitleViewController.m in Sources */ = {isa = PBXBuildFile; fileRef = 2F56EEF62AD7B76100F37172 /* BaseUserInfoTitleViewController.m */; };
		2F56EF482AD7B76100F37172 /* BaseTableViewCell.m in Sources */ = {isa = PBXBuildFile; fileRef = 2F56EEF72AD7B76100F37172 /* BaseTableViewCell.m */; };
		2F56EF492AD7B76100F37172 /* CornerTableView.m in Sources */ = {isa = PBXBuildFile; fileRef = 2F56EEF82AD7B76100F37172 /* CornerTableView.m */; };
		2F56EF4A2AD7B76100F37172 /* BaseView.m in Sources */ = {isa = PBXBuildFile; fileRef = 2F56EEFA2AD7B76100F37172 /* BaseView.m */; };
		2F56EF4B2AD7B76100F37172 /* BaseViewController.m in Sources */ = {isa = PBXBuildFile; fileRef = 2F56EEFC2AD7B76100F37172 /* BaseViewController.m */; };
		2F56EF4C2AD7B76100F37172 /* BaseModel.m in Sources */ = {isa = PBXBuildFile; fileRef = 2F56EEFE2AD7B76100F37172 /* BaseModel.m */; };
		2F56EF4D2AD7B76100F37172 /* BaseTableView.m in Sources */ = {isa = PBXBuildFile; fileRef = 2F56EF002AD7B76100F37172 /* BaseTableView.m */; };
		2F56EF4E2AD7B76100F37172 /* MainTabBarController.m in Sources */ = {isa = PBXBuildFile; fileRef = 2F56EF012AD7B76100F37172 /* MainTabBarController.m */; };
		2F56EF4F2AD7B76100F37172 /* BaseCollectionView.m in Sources */ = {isa = PBXBuildFile; fileRef = 2F56EF032AD7B76100F37172 /* BaseCollectionView.m */; };
		2F56EF502AD7B76100F37172 /* BaseCollectionViewCell.m in Sources */ = {isa = PBXBuildFile; fileRef = 2F56EF082AD7B76100F37172 /* BaseCollectionViewCell.m */; };
		2F56EF512AD7B76100F37172 /* BaseNavController.m in Sources */ = {isa = PBXBuildFile; fileRef = 2F56EF0B2AD7B76100F37172 /* BaseNavController.m */; };
		2F56EF522AD7B76100F37172 /* UserInfoTitleView.m in Sources */ = {isa = PBXBuildFile; fileRef = 2F56EF0D2AD7B76100F37172 /* UserInfoTitleView.m */; };
		2F56EF532AD7B76100F37172 /* BasePopupView.m in Sources */ = {isa = PBXBuildFile; fileRef = 2F56EF102AD7B76100F37172 /* BasePopupView.m */; };
		2F56EF542AD7B76100F37172 /* UIViewController+HBD.m in Sources */ = {isa = PBXBuildFile; fileRef = 2F56EF152AD7B76100F37172 /* UIViewController+HBD.m */; };
		2F56EF552AD7B76100F37172 /* HBDNavigationBar.m in Sources */ = {isa = PBXBuildFile; fileRef = 2F56EF162AD7B76100F37172 /* HBDNavigationBar.m */; };
		2F56EF562AD7B76100F37172 /* HBDNavigationController.m in Sources */ = {isa = PBXBuildFile; fileRef = 2F56EF182AD7B76100F37172 /* HBDNavigationController.m */; };
		2F5F74DA2AB7DFC5009814BA /* AppDelegate.m in Sources */ = {isa = PBXBuildFile; fileRef = 2F5F74D92AB7DFC5009814BA /* AppDelegate.m */; };
		2F5F74DD2AB7DFC5009814BA /* SceneDelegate.m in Sources */ = {isa = PBXBuildFile; fileRef = 2F5F74DC2AB7DFC5009814BA /* SceneDelegate.m */; };
		2F5F74E02AB7DFC5009814BA /* ViewController.m in Sources */ = {isa = PBXBuildFile; fileRef = 2F5F74DF2AB7DFC5009814BA /* ViewController.m */; };
		2F5F74E32AB7DFC5009814BA /* Main.storyboard in Resources */ = {isa = PBXBuildFile; fileRef = 2F5F74E12AB7DFC5009814BA /* Main.storyboard */; };
		2F5F74E52AB7DFC6009814BA /* Assets.xcassets in Resources */ = {isa = PBXBuildFile; fileRef = 2F5F74E42AB7DFC6009814BA /* Assets.xcassets */; };
		2F5F74E82AB7DFC6009814BA /* LaunchScreen.storyboard in Resources */ = {isa = PBXBuildFile; fileRef = 2F5F74E62AB7DFC6009814BA /* LaunchScreen.storyboard */; };
		2F5F74EB2AB7DFC6009814BA /* main.m in Sources */ = {isa = PBXBuildFile; fileRef = 2F5F74EA2AB7DFC6009814BA /* main.m */; };
		2F5F74F52AB7DFC6009814BA /* HuanChengSDKTests.m in Sources */ = {isa = PBXBuildFile; fileRef = 2F5F74F42AB7DFC6009814BA /* HuanChengSDKTests.m */; };
		2F5F74FF2AB7DFC6009814BA /* HuanChengSDKUITests.m in Sources */ = {isa = PBXBuildFile; fileRef = 2F5F74FE2AB7DFC6009814BA /* HuanChengSDKUITests.m */; };
		2F5F75012AB7DFC6009814BA /* HuanChengSDKUITestsLaunchTests.m in Sources */ = {isa = PBXBuildFile; fileRef = 2F5F75002AB7DFC6009814BA /* HuanChengSDKUITestsLaunchTests.m */; };
/* End PBXBuildFile section */

/* Begin PBXContainerItemProxy section */
		2F5F74F12AB7DFC6009814BA /* PBXContainerItemProxy */ = {
			isa = PBXContainerItemProxy;
			containerPortal = 2F5F74CD2AB7DFC5009814BA /* Project object */;
			proxyType = 1;
			remoteGlobalIDString = 2F5F74D42AB7DFC5009814BA;
			remoteInfo = HuanChengSDK;
		};
		2F5F74FB2AB7DFC6009814BA /* PBXContainerItemProxy */ = {
			isa = PBXContainerItemProxy;
			containerPortal = 2F5F74CD2AB7DFC5009814BA /* Project object */;
			proxyType = 1;
			remoteGlobalIDString = 2F5F74D42AB7DFC5009814BA;
			remoteInfo = HuanChengSDK;
		};
/* End PBXContainerItemProxy section */

/* Begin PBXFileReference section */
		083785FB6083632322F55D9A /* Pods-HuanChengSDK.debug.xcconfig */ = {isa = PBXFileReference; includeInIndex = 1; lastKnownFileType = text.xcconfig; name = "Pods-HuanChengSDK.debug.xcconfig"; path = "Target Support Files/Pods-HuanChengSDK/Pods-HuanChengSDK.debug.xcconfig"; sourceTree = "<group>"; };
		2F56EE8E2AD7B76100F37172 /* AlignLabel.m */ = {isa = PBXFileReference; fileEncoding = 4; lastKnownFileType = sourcecode.c.objc; path = AlignLabel.m; sourceTree = "<group>"; };
		2F56EE8F2AD7B76100F37172 /* PrivacyAuthorization.m */ = {isa = PBXFileReference; fileEncoding = 4; lastKnownFileType = sourcecode.c.objc; path = PrivacyAuthorization.m; sourceTree = "<group>"; };
		2F56EE902AD7B76100F37172 /* DeviceTool.h */ = {isa = PBXFileReference; fileEncoding = 4; lastKnownFileType = sourcecode.c.h; path = DeviceTool.h; sourceTree = "<group>"; };
		2F56EE912AD7B76100F37172 /* DownloadSoundManager.m */ = {isa = PBXFileReference; fileEncoding = 4; lastKnownFileType = sourcecode.c.objc; path = DownloadSoundManager.m; sourceTree = "<group>"; };
		2F56EE922AD7B76100F37172 /* CacheManager.h */ = {isa = PBXFileReference; fileEncoding = 4; lastKnownFileType = sourcecode.c.h; path = CacheManager.h; sourceTree = "<group>"; };
		2F56EE932AD7B76100F37172 /* ToastTool.h */ = {isa = PBXFileReference; fileEncoding = 4; lastKnownFileType = sourcecode.c.h; path = ToastTool.h; sourceTree = "<group>"; };
		2F56EE942AD7B76100F37172 /* InshortTF.m */ = {isa = PBXFileReference; fileEncoding = 4; lastKnownFileType = sourcecode.c.objc; path = InshortTF.m; sourceTree = "<group>"; };
		2F56EE962AD7B76100F37172 /* RefreshFooter.h */ = {isa = PBXFileReference; fileEncoding = 4; lastKnownFileType = sourcecode.c.h; path = RefreshFooter.h; sourceTree = "<group>"; };
		2F56EE972AD7B76100F37172 /* RefreshDefine.h */ = {isa = PBXFileReference; fileEncoding = 4; lastKnownFileType = sourcecode.c.h; path = RefreshDefine.h; sourceTree = "<group>"; };
		2F56EE982AD7B76100F37172 /* RefreshHeader.h */ = {isa = PBXFileReference; fileEncoding = 4; lastKnownFileType = sourcecode.c.h; path = RefreshHeader.h; sourceTree = "<group>"; };
		2F56EE992AD7B76100F37172 /* RefreshManager.h */ = {isa = PBXFileReference; fileEncoding = 4; lastKnownFileType = sourcecode.c.h; path = RefreshManager.h; sourceTree = "<group>"; };
		2F56EE9A2AD7B76100F37172 /* RefreshHeader.m */ = {isa = PBXFileReference; fileEncoding = 4; lastKnownFileType = sourcecode.c.objc; path = RefreshHeader.m; sourceTree = "<group>"; };
		2F56EE9B2AD7B76100F37172 /* RefreshFooter.m */ = {isa = PBXFileReference; fileEncoding = 4; lastKnownFileType = sourcecode.c.objc; path = RefreshFooter.m; sourceTree = "<group>"; };
		2F56EE9C2AD7B76100F37172 /* RefreshManager.m */ = {isa = PBXFileReference; fileEncoding = 4; lastKnownFileType = sourcecode.c.objc; path = RefreshManager.m; sourceTree = "<group>"; };
		2F56EE9D2AD7B76100F37172 /* AESTool.m */ = {isa = PBXFileReference; fileEncoding = 4; lastKnownFileType = sourcecode.c.objc; path = AESTool.m; sourceTree = "<group>"; };
		2F56EE9E2AD7B76100F37172 /* AlertTool.m */ = {isa = PBXFileReference; fileEncoding = 4; lastKnownFileType = sourcecode.c.objc; path = AlertTool.m; sourceTree = "<group>"; };
		2F56EE9F2AD7B76100F37172 /* LanguageTool.m */ = {isa = PBXFileReference; fileEncoding = 4; lastKnownFileType = sourcecode.c.objc; path = LanguageTool.m; sourceTree = "<group>"; };
		2F56EEA02AD7B76100F37172 /* KeyCenter.m */ = {isa = PBXFileReference; fileEncoding = 4; lastKnownFileType = sourcecode.c.objc; path = KeyCenter.m; sourceTree = "<group>"; };
		2F56EEA12AD7B76100F37172 /* ScreenshotTool.m */ = {isa = PBXFileReference; fileEncoding = 4; lastKnownFileType = sourcecode.c.objc; path = ScreenshotTool.m; sourceTree = "<group>"; };
		2F56EEA22AD7B76100F37172 /* FilePathTool.h */ = {isa = PBXFileReference; fileEncoding = 4; lastKnownFileType = sourcecode.c.h; path = FilePathTool.h; sourceTree = "<group>"; };
		2F56EEA32AD7B76100F37172 /* AVAudioManager.m */ = {isa = PBXFileReference; fileEncoding = 4; lastKnownFileType = sourcecode.c.objc; path = AVAudioManager.m; sourceTree = "<group>"; };
		2F56EEA42AD7B76100F37172 /* FontTools.h */ = {isa = PBXFileReference; fileEncoding = 4; lastKnownFileType = sourcecode.c.h; path = FontTools.h; sourceTree = "<group>"; };
		2F56EEA52AD7B76100F37172 /* ThirdTool.h */ = {isa = PBXFileReference; fileEncoding = 4; lastKnownFileType = sourcecode.c.h; path = ThirdTool.h; sourceTree = "<group>"; };
		2F56EEA62AD7B76100F37172 /* ProgressHUD.h */ = {isa = PBXFileReference; fileEncoding = 4; lastKnownFileType = sourcecode.c.h; path = ProgressHUD.h; sourceTree = "<group>"; };
		2F56EEA72AD7B76100F37172 /* DownloadSoundManager.h */ = {isa = PBXFileReference; fileEncoding = 4; lastKnownFileType = sourcecode.c.h; path = DownloadSoundManager.h; sourceTree = "<group>"; };
		2F56EEA82AD7B76100F37172 /* DeviceTool.m */ = {isa = PBXFileReference; fileEncoding = 4; lastKnownFileType = sourcecode.c.objc; path = DeviceTool.m; sourceTree = "<group>"; };
		2F56EEA92AD7B76100F37172 /* PrivacyAuthorization.h */ = {isa = PBXFileReference; fileEncoding = 4; lastKnownFileType = sourcecode.c.h; path = PrivacyAuthorization.h; sourceTree = "<group>"; };
		2F56EEAA2AD7B76100F37172 /* AlignLabel.h */ = {isa = PBXFileReference; fileEncoding = 4; lastKnownFileType = sourcecode.c.h; path = AlignLabel.h; sourceTree = "<group>"; };
		2F56EEAB2AD7B76100F37172 /* InshortTF.h */ = {isa = PBXFileReference; fileEncoding = 4; lastKnownFileType = sourcecode.c.h; path = InshortTF.h; sourceTree = "<group>"; };
		2F56EEAC2AD7B76100F37172 /* ToastTool.m */ = {isa = PBXFileReference; fileEncoding = 4; lastKnownFileType = sourcecode.c.objc; path = ToastTool.m; sourceTree = "<group>"; };
		2F56EEAD2AD7B76100F37172 /* CacheManager.m */ = {isa = PBXFileReference; fileEncoding = 4; lastKnownFileType = sourcecode.c.objc; path = CacheManager.m; sourceTree = "<group>"; };
		2F56EEAE2AD7B76100F37172 /* ScreenshotTool.h */ = {isa = PBXFileReference; fileEncoding = 4; lastKnownFileType = sourcecode.c.h; path = ScreenshotTool.h; sourceTree = "<group>"; };
		2F56EEAF2AD7B76100F37172 /* KeyCenter.h */ = {isa = PBXFileReference; fileEncoding = 4; lastKnownFileType = sourcecode.c.h; path = KeyCenter.h; sourceTree = "<group>"; };
		2F56EEB02AD7B76100F37172 /* LanguageTool.h */ = {isa = PBXFileReference; fileEncoding = 4; lastKnownFileType = sourcecode.c.h; path = LanguageTool.h; sourceTree = "<group>"; };
		2F56EEB12AD7B76100F37172 /* AlertTool.h */ = {isa = PBXFileReference; fileEncoding = 4; lastKnownFileType = sourcecode.c.h; path = AlertTool.h; sourceTree = "<group>"; };
		2F56EEB22AD7B76100F37172 /* AESTool.h */ = {isa = PBXFileReference; fileEncoding = 4; lastKnownFileType = sourcecode.c.h; path = AESTool.h; sourceTree = "<group>"; };
		2F56EEB32AD7B76100F37172 /* ProgressHUD.m */ = {isa = PBXFileReference; fileEncoding = 4; lastKnownFileType = sourcecode.c.objc; path = ProgressHUD.m; sourceTree = "<group>"; };
		2F56EEB42AD7B76100F37172 /* ThirdTool.m */ = {isa = PBXFileReference; fileEncoding = 4; lastKnownFileType = sourcecode.c.objc; path = ThirdTool.m; sourceTree = "<group>"; };
		2F56EEB52AD7B76100F37172 /* FontTools.m */ = {isa = PBXFileReference; fileEncoding = 4; lastKnownFileType = sourcecode.c.objc; path = FontTools.m; sourceTree = "<group>"; };
		2F56EEB72AD7B76100F37172 /* DGBackgroudDownloadCacheManager.h */ = {isa = PBXFileReference; fileEncoding = 4; lastKnownFileType = sourcecode.c.h; path = DGBackgroudDownloadCacheManager.h; sourceTree = "<group>"; };
		2F56EEB82AD7B76100F37172 /* NSData+Category.h */ = {isa = PBXFileReference; fileEncoding = 4; lastKnownFileType = sourcecode.c.h; path = "NSData+Category.h"; sourceTree = "<group>"; };
		2F56EEB92AD7B76100F37172 /* DGBackgroudDownloadModel.m */ = {isa = PBXFileReference; fileEncoding = 4; lastKnownFileType = sourcecode.c.objc; path = DGBackgroudDownloadModel.m; sourceTree = "<group>"; };
		2F56EEBA2AD7B76100F37172 /* DGBackgroudDownloadSaveModel.h */ = {isa = PBXFileReference; fileEncoding = 4; lastKnownFileType = sourcecode.c.h; path = DGBackgroudDownloadSaveModel.h; sourceTree = "<group>"; };
		2F56EEBB2AD7B76100F37172 /* DGBackgroudDownloadDelegate.m */ = {isa = PBXFileReference; fileEncoding = 4; lastKnownFileType = sourcecode.c.objc; path = DGBackgroudDownloadDelegate.m; sourceTree = "<group>"; };
		2F56EEBC2AD7B76100F37172 /* NSURLSession+CorrectedResumeData.h */ = {isa = PBXFileReference; fileEncoding = 4; lastKnownFileType = sourcecode.c.h; path = "NSURLSession+CorrectedResumeData.h"; sourceTree = "<group>"; };
		2F56EEBD2AD7B76100F37172 /* DGBackgroudDownloadManager.h */ = {isa = PBXFileReference; fileEncoding = 4; lastKnownFileType = sourcecode.c.h; path = DGBackgroudDownloadManager.h; sourceTree = "<group>"; };
		2F56EEBE2AD7B76100F37172 /* NSData+Category.m */ = {isa = PBXFileReference; fileEncoding = 4; lastKnownFileType = sourcecode.c.objc; path = "NSData+Category.m"; sourceTree = "<group>"; };
		2F56EEBF2AD7B76100F37172 /* DGBackgroudDownloadCacheManager.m */ = {isa = PBXFileReference; fileEncoding = 4; lastKnownFileType = sourcecode.c.objc; path = DGBackgroudDownloadCacheManager.m; sourceTree = "<group>"; };
		2F56EEC02AD7B76100F37172 /* DGBackgroudDownloadDelegate.h */ = {isa = PBXFileReference; fileEncoding = 4; lastKnownFileType = sourcecode.c.h; path = DGBackgroudDownloadDelegate.h; sourceTree = "<group>"; };
		2F56EEC12AD7B76100F37172 /* DGBackgroudDownloadSaveModel.m */ = {isa = PBXFileReference; fileEncoding = 4; lastKnownFileType = sourcecode.c.objc; path = DGBackgroudDownloadSaveModel.m; sourceTree = "<group>"; };
		2F56EEC22AD7B76100F37172 /* DGBackgroudDownloadModel.h */ = {isa = PBXFileReference; fileEncoding = 4; lastKnownFileType = sourcecode.c.h; path = DGBackgroudDownloadModel.h; sourceTree = "<group>"; };
		2F56EEC32AD7B76100F37172 /* NSURLSession+CorrectedResumeData.m */ = {isa = PBXFileReference; fileEncoding = 4; lastKnownFileType = sourcecode.c.objc; path = "NSURLSession+CorrectedResumeData.m"; sourceTree = "<group>"; };
		2F56EEC42AD7B76100F37172 /* DGBackgroudDownloadManager.m */ = {isa = PBXFileReference; fileEncoding = 4; lastKnownFileType = sourcecode.c.objc; path = DGBackgroudDownloadManager.m; sourceTree = "<group>"; };
		2F56EEC52AD7B76100F37172 /* AVAudioManager.h */ = {isa = PBXFileReference; fileEncoding = 4; lastKnownFileType = sourcecode.c.h; path = AVAudioManager.h; sourceTree = "<group>"; };
		2F56EEC62AD7B76100F37172 /* FilePathTool.m */ = {isa = PBXFileReference; fileEncoding = 4; lastKnownFileType = sourcecode.c.objc; path = FilePathTool.m; sourceTree = "<group>"; };
		2F56EEC82AD7B76100F37172 /* UITextView+Extension.h */ = {isa = PBXFileReference; fileEncoding = 4; lastKnownFileType = sourcecode.c.h; path = "UITextView+Extension.h"; sourceTree = "<group>"; };
		2F56EEC92AD7B76100F37172 /* NSDictionary+Extension.h */ = {isa = PBXFileReference; fileEncoding = 4; lastKnownFileType = sourcecode.c.h; path = "NSDictionary+Extension.h"; sourceTree = "<group>"; };
		2F56EECA2AD7B76100F37172 /* UIFont+Extension.h */ = {isa = PBXFileReference; fileEncoding = 4; lastKnownFileType = sourcecode.c.h; path = "UIFont+Extension.h"; sourceTree = "<group>"; };
		2F56EECB2AD7B76100F37172 /* UIImageView+Extension.h */ = {isa = PBXFileReference; fileEncoding = 4; lastKnownFileType = sourcecode.c.h; path = "UIImageView+Extension.h"; sourceTree = "<group>"; };
		2F56EECC2AD7B76100F37172 /* NSString+Extension.h */ = {isa = PBXFileReference; fileEncoding = 4; lastKnownFileType = sourcecode.c.h; path = "NSString+Extension.h"; sourceTree = "<group>"; };
		2F56EECD2AD7B76100F37172 /* UIColor+Extension.h */ = {isa = PBXFileReference; fileEncoding = 4; lastKnownFileType = sourcecode.c.h; path = "UIColor+Extension.h"; sourceTree = "<group>"; };
		2F56EECE2AD7B76100F37172 /* UILabel+Extension.m */ = {isa = PBXFileReference; fileEncoding = 4; lastKnownFileType = sourcecode.c.objc; path = "UILabel+Extension.m"; sourceTree = "<group>"; };
		2F56EECF2AD7B76100F37172 /* NSDate+Extension.h */ = {isa = PBXFileReference; fileEncoding = 4; lastKnownFileType = sourcecode.c.h; path = "NSDate+Extension.h"; sourceTree = "<group>"; };
		2F56EED02AD7B76100F37172 /* UIView+Extension.h */ = {isa = PBXFileReference; fileEncoding = 4; lastKnownFileType = sourcecode.c.h; path = "UIView+Extension.h"; sourceTree = "<group>"; };
		2F56EED12AD7B76100F37172 /* UIButton+Extension.h */ = {isa = PBXFileReference; fileEncoding = 4; lastKnownFileType = sourcecode.c.h; path = "UIButton+Extension.h"; sourceTree = "<group>"; };
		2F56EED22AD7B76100F37172 /* UIViewController+Extension.m */ = {isa = PBXFileReference; fileEncoding = 4; lastKnownFileType = sourcecode.c.objc; path = "UIViewController+Extension.m"; sourceTree = "<group>"; };
		2F56EED32AD7B76100F37172 /* UIAlertController+Extension.h */ = {isa = PBXFileReference; fileEncoding = 4; lastKnownFileType = sourcecode.c.h; path = "UIAlertController+Extension.h"; sourceTree = "<group>"; };
		2F56EED42AD7B76100F37172 /* UIImage+Extension.m */ = {isa = PBXFileReference; fileEncoding = 4; lastKnownFileType = sourcecode.c.objc; path = "UIImage+Extension.m"; sourceTree = "<group>"; };
		2F56EED52AD7B76100F37172 /* UIViewController+RotationControl.m */ = {isa = PBXFileReference; fileEncoding = 4; lastKnownFileType = sourcecode.c.objc; path = "UIViewController+RotationControl.m"; sourceTree = "<group>"; };
		2F56EED62AD7B76100F37172 /* UIImageView+Extension.m */ = {isa = PBXFileReference; fileEncoding = 4; lastKnownFileType = sourcecode.c.objc; path = "UIImageView+Extension.m"; sourceTree = "<group>"; };
		2F56EED72AD7B76100F37172 /* UIFont+Extension.m */ = {isa = PBXFileReference; fileEncoding = 4; lastKnownFileType = sourcecode.c.objc; path = "UIFont+Extension.m"; sourceTree = "<group>"; };
		2F56EED82AD7B76100F37172 /* NSDictionary+Extension.m */ = {isa = PBXFileReference; fileEncoding = 4; lastKnownFileType = sourcecode.c.objc; path = "NSDictionary+Extension.m"; sourceTree = "<group>"; };
		2F56EED92AD7B76100F37172 /* UITextView+Extension.m */ = {isa = PBXFileReference; fileEncoding = 4; lastKnownFileType = sourcecode.c.objc; path = "UITextView+Extension.m"; sourceTree = "<group>"; };
		2F56EEDA2AD7B76100F37172 /* UILabel+Extension.h */ = {isa = PBXFileReference; fileEncoding = 4; lastKnownFileType = sourcecode.c.h; path = "UILabel+Extension.h"; sourceTree = "<group>"; };
		2F56EEDB2AD7B76100F37172 /* NSDate+Extension.m */ = {isa = PBXFileReference; fileEncoding = 4; lastKnownFileType = sourcecode.c.objc; path = "NSDate+Extension.m"; sourceTree = "<group>"; };
		2F56EEDC2AD7B76100F37172 /* UIColor+Extension.m */ = {isa = PBXFileReference; fileEncoding = 4; lastKnownFileType = sourcecode.c.objc; path = "UIColor+Extension.m"; sourceTree = "<group>"; };
		2F56EEDD2AD7B76100F37172 /* NSString+Extension.m */ = {isa = PBXFileReference; fileEncoding = 4; lastKnownFileType = sourcecode.c.objc; path = "NSString+Extension.m"; sourceTree = "<group>"; };
		2F56EEDE2AD7B76100F37172 /* UIImage+Extension.h */ = {isa = PBXFileReference; fileEncoding = 4; lastKnownFileType = sourcecode.c.h; path = "UIImage+Extension.h"; sourceTree = "<group>"; };
		2F56EEDF2AD7B76100F37172 /* UIAlertController+Extension.m */ = {isa = PBXFileReference; fileEncoding = 4; lastKnownFileType = sourcecode.c.objc; path = "UIAlertController+Extension.m"; sourceTree = "<group>"; };
		2F56EEE02AD7B76100F37172 /* UIViewController+Extension.h */ = {isa = PBXFileReference; fileEncoding = 4; lastKnownFileType = sourcecode.c.h; path = "UIViewController+Extension.h"; sourceTree = "<group>"; };
		2F56EEE12AD7B76100F37172 /* UIButton+Extension.m */ = {isa = PBXFileReference; fileEncoding = 4; lastKnownFileType = sourcecode.c.objc; path = "UIButton+Extension.m"; sourceTree = "<group>"; };
		2F56EEE22AD7B76100F37172 /* UIView+Extension.m */ = {isa = PBXFileReference; fileEncoding = 4; lastKnownFileType = sourcecode.c.objc; path = "UIView+Extension.m"; sourceTree = "<group>"; };
		2F56EEE32AD7B76100F37172 /* UIViewController+RotationControl.h */ = {isa = PBXFileReference; fileEncoding = 4; lastKnownFileType = sourcecode.c.h; path = "UIViewController+RotationControl.h"; sourceTree = "<group>"; };
		2F56EEE52AD7B76100F37172 /* NetworkComponent.h */ = {isa = PBXFileReference; fileEncoding = 4; lastKnownFileType = sourcecode.c.h; path = NetworkComponent.h; sourceTree = "<group>"; };
		2F56EEE62AD7B76100F37172 /* NetworkService.h */ = {isa = PBXFileReference; fileEncoding = 4; lastKnownFileType = sourcecode.c.h; path = NetworkService.h; sourceTree = "<group>"; };
		2F56EEE72AD7B76100F37172 /* NetworkComponent.m */ = {isa = PBXFileReference; fileEncoding = 4; lastKnownFileType = sourcecode.c.objc; path = NetworkComponent.m; sourceTree = "<group>"; };
		2F56EEE82AD7B76100F37172 /* NetworkService.m */ = {isa = PBXFileReference; fileEncoding = 4; lastKnownFileType = sourcecode.c.objc; path = NetworkService.m; sourceTree = "<group>"; };
		2F56EEEA2AD7B76100F37172 /* TextConst.h */ = {isa = PBXFileReference; fileEncoding = 4; lastKnownFileType = sourcecode.c.h; path = TextConst.h; sourceTree = "<group>"; };
		2F56EEEB2AD7B76100F37172 /* RequestConst.m */ = {isa = PBXFileReference; fileEncoding = 4; lastKnownFileType = sourcecode.c.objc; path = RequestConst.m; sourceTree = "<group>"; };
		2F56EEEC2AD7B76100F37172 /* TextConst.m */ = {isa = PBXFileReference; fileEncoding = 4; lastKnownFileType = sourcecode.c.objc; path = TextConst.m; sourceTree = "<group>"; };
		2F56EEED2AD7B76100F37172 /* RequestConst.h */ = {isa = PBXFileReference; fileEncoding = 4; lastKnownFileType = sourcecode.c.h; path = RequestConst.h; sourceTree = "<group>"; };
		2F56EEEE2AD7B76100F37172 /* Const.h */ = {isa = PBXFileReference; fileEncoding = 4; lastKnownFileType = sourcecode.c.h; path = Const.h; sourceTree = "<group>"; };
		2F56EEF02AD7B76100F37172 /* Macro.h */ = {isa = PBXFileReference; fileEncoding = 4; lastKnownFileType = sourcecode.c.h; path = Macro.h; sourceTree = "<group>"; };
		2F56EEF12AD7B76100F37172 /* ThemeMacro.h */ = {isa = PBXFileReference; fileEncoding = 4; lastKnownFileType = sourcecode.c.h; path = ThemeMacro.h; sourceTree = "<group>"; };
		2F56EEF22AD7B76100F37172 /* PrefixHeader.pch */ = {isa = PBXFileReference; fileEncoding = 4; lastKnownFileType = sourcecode.c.h; path = PrefixHeader.pch; sourceTree = "<group>"; };
		2F56EEF32AD7B76100F37172 /* AppMacro.h */ = {isa = PBXFileReference; fileEncoding = 4; lastKnownFileType = sourcecode.c.h; path = AppMacro.h; sourceTree = "<group>"; };
		2F56EEF52AD7B76100F37172 /* BaseWebViewController.m */ = {isa = PBXFileReference; fileEncoding = 4; lastKnownFileType = sourcecode.c.objc; path = BaseWebViewController.m; sourceTree = "<group>"; };
		2F56EEF62AD7B76100F37172 /* BaseUserInfoTitleViewController.m */ = {isa = PBXFileReference; fileEncoding = 4; lastKnownFileType = sourcecode.c.objc; path = BaseUserInfoTitleViewController.m; sourceTree = "<group>"; };
		2F56EEF72AD7B76100F37172 /* BaseTableViewCell.m */ = {isa = PBXFileReference; fileEncoding = 4; lastKnownFileType = sourcecode.c.objc; path = BaseTableViewCell.m; sourceTree = "<group>"; };
		2F56EEF82AD7B76100F37172 /* CornerTableView.m */ = {isa = PBXFileReference; fileEncoding = 4; lastKnownFileType = sourcecode.c.objc; path = CornerTableView.m; sourceTree = "<group>"; };
		2F56EEF92AD7B76100F37172 /* BaseCollectionView.h */ = {isa = PBXFileReference; fileEncoding = 4; lastKnownFileType = sourcecode.c.h; path = BaseCollectionView.h; sourceTree = "<group>"; };
		2F56EEFA2AD7B76100F37172 /* BaseView.m */ = {isa = PBXFileReference; fileEncoding = 4; lastKnownFileType = sourcecode.c.objc; path = BaseView.m; sourceTree = "<group>"; };
		2F56EEFB2AD7B76100F37172 /* BaseCollectionViewCell.h */ = {isa = PBXFileReference; fileEncoding = 4; lastKnownFileType = sourcecode.c.h; path = BaseCollectionViewCell.h; sourceTree = "<group>"; };
		2F56EEFC2AD7B76100F37172 /* BaseViewController.m */ = {isa = PBXFileReference; fileEncoding = 4; lastKnownFileType = sourcecode.c.objc; path = BaseViewController.m; sourceTree = "<group>"; };
		2F56EEFD2AD7B76100F37172 /* BaseNavController.h */ = {isa = PBXFileReference; fileEncoding = 4; lastKnownFileType = sourcecode.c.h; path = BaseNavController.h; sourceTree = "<group>"; };
		2F56EEFE2AD7B76100F37172 /* BaseModel.m */ = {isa = PBXFileReference; fileEncoding = 4; lastKnownFileType = sourcecode.c.objc; path = BaseModel.m; sourceTree = "<group>"; };
		2F56EEFF2AD7B76100F37172 /* BasePopupView.h */ = {isa = PBXFileReference; fileEncoding = 4; lastKnownFileType = sourcecode.c.h; path = BasePopupView.h; sourceTree = "<group>"; };
		2F56EF002AD7B76100F37172 /* BaseTableView.m */ = {isa = PBXFileReference; fileEncoding = 4; lastKnownFileType = sourcecode.c.objc; path = BaseTableView.m; sourceTree = "<group>"; };
		2F56EF012AD7B76100F37172 /* MainTabBarController.m */ = {isa = PBXFileReference; fileEncoding = 4; lastKnownFileType = sourcecode.c.objc; path = MainTabBarController.m; sourceTree = "<group>"; };
		2F56EF022AD7B76100F37172 /* UserInfoTitleView.h */ = {isa = PBXFileReference; fileEncoding = 4; lastKnownFileType = sourcecode.c.h; path = UserInfoTitleView.h; sourceTree = "<group>"; };
		2F56EF032AD7B76100F37172 /* BaseCollectionView.m */ = {isa = PBXFileReference; fileEncoding = 4; lastKnownFileType = sourcecode.c.objc; path = BaseCollectionView.m; sourceTree = "<group>"; };
		2F56EF042AD7B76100F37172 /* BaseTableViewCell.h */ = {isa = PBXFileReference; fileEncoding = 4; lastKnownFileType = sourcecode.c.h; path = BaseTableViewCell.h; sourceTree = "<group>"; };
		2F56EF052AD7B76100F37172 /* CornerTableView.h */ = {isa = PBXFileReference; fileEncoding = 4; lastKnownFileType = sourcecode.c.h; path = CornerTableView.h; sourceTree = "<group>"; };
		2F56EF062AD7B76100F37172 /* BaseUserInfoTitleViewController.h */ = {isa = PBXFileReference; fileEncoding = 4; lastKnownFileType = sourcecode.c.h; path = BaseUserInfoTitleViewController.h; sourceTree = "<group>"; };
		2F56EF072AD7B76100F37172 /* BaseWebViewController.h */ = {isa = PBXFileReference; fileEncoding = 4; lastKnownFileType = sourcecode.c.h; path = BaseWebViewController.h; sourceTree = "<group>"; };
		2F56EF082AD7B76100F37172 /* BaseCollectionViewCell.m */ = {isa = PBXFileReference; fileEncoding = 4; lastKnownFileType = sourcecode.c.objc; path = BaseCollectionViewCell.m; sourceTree = "<group>"; };
		2F56EF092AD7B76100F37172 /* BaseView.h */ = {isa = PBXFileReference; fileEncoding = 4; lastKnownFileType = sourcecode.c.h; path = BaseView.h; sourceTree = "<group>"; };
		2F56EF0A2AD7B76100F37172 /* BaseModel.h */ = {isa = PBXFileReference; fileEncoding = 4; lastKnownFileType = sourcecode.c.h; path = BaseModel.h; sourceTree = "<group>"; };
		2F56EF0B2AD7B76100F37172 /* BaseNavController.m */ = {isa = PBXFileReference; fileEncoding = 4; lastKnownFileType = sourcecode.c.objc; path = BaseNavController.m; sourceTree = "<group>"; };
		2F56EF0C2AD7B76100F37172 /* BaseViewController.h */ = {isa = PBXFileReference; fileEncoding = 4; lastKnownFileType = sourcecode.c.h; path = BaseViewController.h; sourceTree = "<group>"; };
		2F56EF0D2AD7B76100F37172 /* UserInfoTitleView.m */ = {isa = PBXFileReference; fileEncoding = 4; lastKnownFileType = sourcecode.c.objc; path = UserInfoTitleView.m; sourceTree = "<group>"; };
		2F56EF0E2AD7B76100F37172 /* MainTabBarController.h */ = {isa = PBXFileReference; fileEncoding = 4; lastKnownFileType = sourcecode.c.h; path = MainTabBarController.h; sourceTree = "<group>"; };
		2F56EF0F2AD7B76100F37172 /* BaseTableView.h */ = {isa = PBXFileReference; fileEncoding = 4; lastKnownFileType = sourcecode.c.h; path = BaseTableView.h; sourceTree = "<group>"; };
		2F56EF102AD7B76100F37172 /* BasePopupView.m */ = {isa = PBXFileReference; fileEncoding = 4; lastKnownFileType = sourcecode.c.objc; path = BasePopupView.m; sourceTree = "<group>"; };
		2F56EF132AD7B76100F37172 /* HBDNavigationBar.h */ = {isa = PBXFileReference; fileEncoding = 4; lastKnownFileType = sourcecode.c.h; path = HBDNavigationBar.h; sourceTree = "<group>"; };
		2F56EF142AD7B76100F37172 /* HBDNavigationController.h */ = {isa = PBXFileReference; fileEncoding = 4; lastKnownFileType = sourcecode.c.h; path = HBDNavigationController.h; sourceTree = "<group>"; };
		2F56EF152AD7B76100F37172 /* UIViewController+HBD.m */ = {isa = PBXFileReference; fileEncoding = 4; lastKnownFileType = sourcecode.c.objc; path = "UIViewController+HBD.m"; sourceTree = "<group>"; };
		2F56EF162AD7B76100F37172 /* HBDNavigationBar.m */ = {isa = PBXFileReference; fileEncoding = 4; lastKnownFileType = sourcecode.c.objc; path = HBDNavigationBar.m; sourceTree = "<group>"; };
		2F56EF172AD7B76100F37172 /* UIViewController+HBD.h */ = {isa = PBXFileReference; fileEncoding = 4; lastKnownFileType = sourcecode.c.h; path = "UIViewController+HBD.h"; sourceTree = "<group>"; };
		2F56EF182AD7B76100F37172 /* HBDNavigationController.m */ = {isa = PBXFileReference; fileEncoding = 4; lastKnownFileType = sourcecode.c.objc; path = HBDNavigationController.m; sourceTree = "<group>"; };
		2F5F74D52AB7DFC5009814BA /* HuanChengSDK.app */ = {isa = PBXFileReference; explicitFileType = wrapper.application; includeInIndex = 0; path = HuanChengSDK.app; sourceTree = BUILT_PRODUCTS_DIR; };
		2F5F74D82AB7DFC5009814BA /* AppDelegate.h */ = {isa = PBXFileReference; lastKnownFileType = sourcecode.c.h; path = AppDelegate.h; sourceTree = "<group>"; };
		2F5F74D92AB7DFC5009814BA /* AppDelegate.m */ = {isa = PBXFileReference; lastKnownFileType = sourcecode.c.objc; path = AppDelegate.m; sourceTree = "<group>"; };
		2F5F74DB2AB7DFC5009814BA /* SceneDelegate.h */ = {isa = PBXFileReference; lastKnownFileType = sourcecode.c.h; path = SceneDelegate.h; sourceTree = "<group>"; };
		2F5F74DC2AB7DFC5009814BA /* SceneDelegate.m */ = {isa = PBXFileReference; lastKnownFileType = sourcecode.c.objc; path = SceneDelegate.m; sourceTree = "<group>"; };
		2F5F74DE2AB7DFC5009814BA /* ViewController.h */ = {isa = PBXFileReference; lastKnownFileType = sourcecode.c.h; path = ViewController.h; sourceTree = "<group>"; };
		2F5F74DF2AB7DFC5009814BA /* ViewController.m */ = {isa = PBXFileReference; lastKnownFileType = sourcecode.c.objc; path = ViewController.m; sourceTree = "<group>"; };
		2F5F74E22AB7DFC5009814BA /* Base */ = {isa = PBXFileReference; lastKnownFileType = file.storyboard; name = Base; path = Base.lproj/Main.storyboard; sourceTree = "<group>"; };
		2F5F74E42AB7DFC6009814BA /* Assets.xcassets */ = {isa = PBXFileReference; lastKnownFileType = folder.assetcatalog; path = Assets.xcassets; sourceTree = "<group>"; };
		2F5F74E72AB7DFC6009814BA /* Base */ = {isa = PBXFileReference; lastKnownFileType = file.storyboard; name = Base; path = Base.lproj/LaunchScreen.storyboard; sourceTree = "<group>"; };
		2F5F74E92AB7DFC6009814BA /* Info.plist */ = {isa = PBXFileReference; lastKnownFileType = text.plist.xml; path = Info.plist; sourceTree = "<group>"; };
		2F5F74EA2AB7DFC6009814BA /* main.m */ = {isa = PBXFileReference; lastKnownFileType = sourcecode.c.objc; path = main.m; sourceTree = "<group>"; };
		2F5F74F02AB7DFC6009814BA /* HuanChengSDKTests.xctest */ = {isa = PBXFileReference; explicitFileType = wrapper.cfbundle; includeInIndex = 0; path = HuanChengSDKTests.xctest; sourceTree = BUILT_PRODUCTS_DIR; };
		2F5F74F42AB7DFC6009814BA /* HuanChengSDKTests.m */ = {isa = PBXFileReference; lastKnownFileType = sourcecode.c.objc; path = HuanChengSDKTests.m; sourceTree = "<group>"; };
		2F5F74FA2AB7DFC6009814BA /* HuanChengSDKUITests.xctest */ = {isa = PBXFileReference; explicitFileType = wrapper.cfbundle; includeInIndex = 0; path = HuanChengSDKUITests.xctest; sourceTree = BUILT_PRODUCTS_DIR; };
		2F5F74FE2AB7DFC6009814BA /* HuanChengSDKUITests.m */ = {isa = PBXFileReference; lastKnownFileType = sourcecode.c.objc; path = HuanChengSDKUITests.m; sourceTree = "<group>"; };
		2F5F75002AB7DFC6009814BA /* HuanChengSDKUITestsLaunchTests.m */ = {isa = PBXFileReference; lastKnownFileType = sourcecode.c.objc; path = HuanChengSDKUITestsLaunchTests.m; sourceTree = "<group>"; };
		8FF1A39D985F5328380198C2 /* Pods_HuanChengSDK.framework */ = {isa = PBXFileReference; explicitFileType = wrapper.framework; includeInIndex = 0; path = Pods_HuanChengSDK.framework; sourceTree = BUILT_PRODUCTS_DIR; };
		B1095EB2FC53D7F5FA64DA01 /* Pods-HuanChengSDK.release.xcconfig */ = {isa = PBXFileReference; includeInIndex = 1; lastKnownFileType = text.xcconfig; name = "Pods-HuanChengSDK.release.xcconfig"; path = "Target Support Files/Pods-HuanChengSDK/Pods-HuanChengSDK.release.xcconfig"; sourceTree = "<group>"; };
/* End PBXFileReference section */

/* Begin PBXFrameworksBuildPhase section */
		2F5F74D22AB7DFC5009814BA /* Frameworks */ = {
			isa = PBXFrameworksBuildPhase;
			buildActionMask = 2147483647;
			files = (
				1986D050E93959B5A380196C /* Pods_HuanChengSDK.framework in Frameworks */,
			);
			runOnlyForDeploymentPostprocessing = 0;
		};
		2F5F74ED2AB7DFC6009814BA /* Frameworks */ = {
			isa = PBXFrameworksBuildPhase;
			buildActionMask = 2147483647;
			files = (
			);
			runOnlyForDeploymentPostprocessing = 0;
		};
		2F5F74F72AB7DFC6009814BA /* Frameworks */ = {
			isa = PBXFrameworksBuildPhase;
			buildActionMask = 2147483647;
			files = (
			);
			runOnlyForDeploymentPostprocessing = 0;
		};
/* End PBXFrameworksBuildPhase section */

/* Begin PBXGroup section */
		04ACC0E4AA13F67B8A6854D7 /* Pods */ = {
			isa = PBXGroup;
			children = (
				083785FB6083632322F55D9A /* Pods-HuanChengSDK.debug.xcconfig */,
				B1095EB2FC53D7F5FA64DA01 /* Pods-HuanChengSDK.release.xcconfig */,
			);
			path = Pods;
			sourceTree = "<group>";
		};
		2F56EE8C2AD7B76100F37172 /* HuanChengSDKFiles */ = {
			isa = PBXGroup;
			children = (
				2F56EE8D2AD7B76100F37172 /* Tools */,
				2F56EEC72AD7B76100F37172 /* Category */,
				2F56EEE42AD7B76100F37172 /* Network */,
				2F56EEE92AD7B76100F37172 /* Const */,
				2F56EEEF2AD7B76100F37172 /* Macros */,
				2F56EEF42AD7B76100F37172 /* Base */,
				2F56EF112AD7B76100F37172 /* Vender */,
			);
			path = HuanChengSDKFiles;
			sourceTree = "<group>";
		};
		2F56EE8D2AD7B76100F37172 /* Tools */ = {
			isa = PBXGroup;
			children = (
				2F56EE8E2AD7B76100F37172 /* AlignLabel.m */,
				2F56EE8F2AD7B76100F37172 /* PrivacyAuthorization.m */,
				2F56EE902AD7B76100F37172 /* DeviceTool.h */,
				2F56EE912AD7B76100F37172 /* DownloadSoundManager.m */,
				2F56EE922AD7B76100F37172 /* CacheManager.h */,
				2F56EE932AD7B76100F37172 /* ToastTool.h */,
				2F56EE942AD7B76100F37172 /* InshortTF.m */,
				2F56EE952AD7B76100F37172 /* Refresh */,
				2F56EE9D2AD7B76100F37172 /* AESTool.m */,
				2F56EE9E2AD7B76100F37172 /* AlertTool.m */,
				2F56EE9F2AD7B76100F37172 /* LanguageTool.m */,
				2F56EEA02AD7B76100F37172 /* KeyCenter.m */,
				2F56EEA12AD7B76100F37172 /* ScreenshotTool.m */,
				2F56EEA22AD7B76100F37172 /* FilePathTool.h */,
				2F56EEA32AD7B76100F37172 /* AVAudioManager.m */,
				2F56EEA42AD7B76100F37172 /* FontTools.h */,
				2F56EEA52AD7B76100F37172 /* ThirdTool.h */,
				2F56EEA62AD7B76100F37172 /* ProgressHUD.h */,
				2F56EEA72AD7B76100F37172 /* DownloadSoundManager.h */,
				2F56EEA82AD7B76100F37172 /* DeviceTool.m */,
				2F56EEA92AD7B76100F37172 /* PrivacyAuthorization.h */,
				2F56EEAA2AD7B76100F37172 /* AlignLabel.h */,
				2F56EEAB2AD7B76100F37172 /* InshortTF.h */,
				2F56EEAC2AD7B76100F37172 /* ToastTool.m */,
				2F56EEAD2AD7B76100F37172 /* CacheManager.m */,
				2F56EEAE2AD7B76100F37172 /* ScreenshotTool.h */,
				2F56EEAF2AD7B76100F37172 /* KeyCenter.h */,
				2F56EEB02AD7B76100F37172 /* LanguageTool.h */,
				2F56EEB12AD7B76100F37172 /* AlertTool.h */,
				2F56EEB22AD7B76100F37172 /* AESTool.h */,
				2F56EEB32AD7B76100F37172 /* ProgressHUD.m */,
				2F56EEB42AD7B76100F37172 /* ThirdTool.m */,
				2F56EEB52AD7B76100F37172 /* FontTools.m */,
				2F56EEB62AD7B76100F37172 /* DGBackgroudDownloadManagers */,
				2F56EEC52AD7B76100F37172 /* AVAudioManager.h */,
				2F56EEC62AD7B76100F37172 /* FilePathTool.m */,
			);
			path = Tools;
			sourceTree = "<group>";
		};
		2F56EE952AD7B76100F37172 /* Refresh */ = {
			isa = PBXGroup;
			children = (
				2F56EE962AD7B76100F37172 /* RefreshFooter.h */,
				2F56EE972AD7B76100F37172 /* RefreshDefine.h */,
				2F56EE982AD7B76100F37172 /* RefreshHeader.h */,
				2F56EE992AD7B76100F37172 /* RefreshManager.h */,
				2F56EE9A2AD7B76100F37172 /* RefreshHeader.m */,
				2F56EE9B2AD7B76100F37172 /* RefreshFooter.m */,
				2F56EE9C2AD7B76100F37172 /* RefreshManager.m */,
			);
			path = Refresh;
			sourceTree = "<group>";
		};
		2F56EEB62AD7B76100F37172 /* DGBackgroudDownloadManagers */ = {
			isa = PBXGroup;
			children = (
				2F56EEB72AD7B76100F37172 /* DGBackgroudDownloadCacheManager.h */,
				2F56EEB82AD7B76100F37172 /* NSData+Category.h */,
				2F56EEB92AD7B76100F37172 /* DGBackgroudDownloadModel.m */,
				2F56EEBA2AD7B76100F37172 /* DGBackgroudDownloadSaveModel.h */,
				2F56EEBB2AD7B76100F37172 /* DGBackgroudDownloadDelegate.m */,
				2F56EEBC2AD7B76100F37172 /* NSURLSession+CorrectedResumeData.h */,
				2F56EEBD2AD7B76100F37172 /* DGBackgroudDownloadManager.h */,
				2F56EEBE2AD7B76100F37172 /* NSData+Category.m */,
				2F56EEBF2AD7B76100F37172 /* DGBackgroudDownloadCacheManager.m */,
				2F56EEC02AD7B76100F37172 /* DGBackgroudDownloadDelegate.h */,
				2F56EEC12AD7B76100F37172 /* DGBackgroudDownloadSaveModel.m */,
				2F56EEC22AD7B76100F37172 /* DGBackgroudDownloadModel.h */,
				2F56EEC32AD7B76100F37172 /* NSURLSession+CorrectedResumeData.m */,
				2F56EEC42AD7B76100F37172 /* DGBackgroudDownloadManager.m */,
			);
			path = DGBackgroudDownloadManagers;
			sourceTree = "<group>";
		};
		2F56EEC72AD7B76100F37172 /* Category */ = {
			isa = PBXGroup;
			children = (
				2F56EEC82AD7B76100F37172 /* UITextView+Extension.h */,
				2F56EEC92AD7B76100F37172 /* NSDictionary+Extension.h */,
				2F56EECA2AD7B76100F37172 /* UIFont+Extension.h */,
				2F56EECB2AD7B76100F37172 /* UIImageView+Extension.h */,
				2F56EECC2AD7B76100F37172 /* NSString+Extension.h */,
				2F56EECD2AD7B76100F37172 /* UIColor+Extension.h */,
				2F56EECE2AD7B76100F37172 /* UILabel+Extension.m */,
				2F56EECF2AD7B76100F37172 /* NSDate+Extension.h */,
				2F56EED02AD7B76100F37172 /* UIView+Extension.h */,
				2F56EED12AD7B76100F37172 /* UIButton+Extension.h */,
				2F56EED22AD7B76100F37172 /* UIViewController+Extension.m */,
				2F56EED32AD7B76100F37172 /* UIAlertController+Extension.h */,
				2F56EED42AD7B76100F37172 /* UIImage+Extension.m */,
				2F56EED52AD7B76100F37172 /* UIViewController+RotationControl.m */,
				2F56EED62AD7B76100F37172 /* UIImageView+Extension.m */,
				2F56EED72AD7B76100F37172 /* UIFont+Extension.m */,
				2F56EED82AD7B76100F37172 /* NSDictionary+Extension.m */,
				2F56EED92AD7B76100F37172 /* UITextView+Extension.m */,
				2F56EEDA2AD7B76100F37172 /* UILabel+Extension.h */,
				2F56EEDB2AD7B76100F37172 /* NSDate+Extension.m */,
				2F56EEDC2AD7B76100F37172 /* UIColor+Extension.m */,
				2F56EEDD2AD7B76100F37172 /* NSString+Extension.m */,
				2F56EEDE2AD7B76100F37172 /* UIImage+Extension.h */,
				2F56EEDF2AD7B76100F37172 /* UIAlertController+Extension.m */,
				2F56EEE02AD7B76100F37172 /* UIViewController+Extension.h */,
				2F56EEE12AD7B76100F37172 /* UIButton+Extension.m */,
				2F56EEE22AD7B76100F37172 /* UIView+Extension.m */,
				2F56EEE32AD7B76100F37172 /* UIViewController+RotationControl.h */,
			);
			path = Category;
			sourceTree = "<group>";
		};
		2F56EEE42AD7B76100F37172 /* Network */ = {
			isa = PBXGroup;
			children = (
				2F56EEE52AD7B76100F37172 /* NetworkComponent.h */,
				2F56EEE62AD7B76100F37172 /* NetworkService.h */,
				2F56EEE72AD7B76100F37172 /* NetworkComponent.m */,
				2F56EEE82AD7B76100F37172 /* NetworkService.m */,
			);
			path = Network;
			sourceTree = "<group>";
		};
		2F56EEE92AD7B76100F37172 /* Const */ = {
			isa = PBXGroup;
			children = (
				2F56EEEA2AD7B76100F37172 /* TextConst.h */,
				2F56EEEB2AD7B76100F37172 /* RequestConst.m */,
				2F56EEEC2AD7B76100F37172 /* TextConst.m */,
				2F56EEED2AD7B76100F37172 /* RequestConst.h */,
				2F56EEEE2AD7B76100F37172 /* Const.h */,
			);
			path = Const;
			sourceTree = "<group>";
		};
		2F56EEEF2AD7B76100F37172 /* Macros */ = {
			isa = PBXGroup;
			children = (
				2F56EEF02AD7B76100F37172 /* Macro.h */,
				2F56EEF12AD7B76100F37172 /* ThemeMacro.h */,
				2F56EEF22AD7B76100F37172 /* PrefixHeader.pch */,
				2F56EEF32AD7B76100F37172 /* AppMacro.h */,
			);
			path = Macros;
			sourceTree = "<group>";
		};
		2F56EEF42AD7B76100F37172 /* Base */ = {
			isa = PBXGroup;
			children = (
				2F56EEF52AD7B76100F37172 /* BaseWebViewController.m */,
				2F56EEF62AD7B76100F37172 /* BaseUserInfoTitleViewController.m */,
				2F56EEF72AD7B76100F37172 /* BaseTableViewCell.m */,
				2F56EEF82AD7B76100F37172 /* CornerTableView.m */,
				2F56EEF92AD7B76100F37172 /* BaseCollectionView.h */,
				2F56EEFA2AD7B76100F37172 /* BaseView.m */,
				2F56EEFB2AD7B76100F37172 /* BaseCollectionViewCell.h */,
				2F56EEFC2AD7B76100F37172 /* BaseViewController.m */,
				2F56EEFD2AD7B76100F37172 /* BaseNavController.h */,
				2F56EEFE2AD7B76100F37172 /* BaseModel.m */,
				2F56EEFF2AD7B76100F37172 /* BasePopupView.h */,
				2F56EF002AD7B76100F37172 /* BaseTableView.m */,
				2F56EF012AD7B76100F37172 /* MainTabBarController.m */,
				2F56EF022AD7B76100F37172 /* UserInfoTitleView.h */,
				2F56EF032AD7B76100F37172 /* BaseCollectionView.m */,
				2F56EF042AD7B76100F37172 /* BaseTableViewCell.h */,
				2F56EF052AD7B76100F37172 /* CornerTableView.h */,
				2F56EF062AD7B76100F37172 /* BaseUserInfoTitleViewController.h */,
				2F56EF072AD7B76100F37172 /* BaseWebViewController.h */,
				2F56EF082AD7B76100F37172 /* BaseCollectionViewCell.m */,
				2F56EF092AD7B76100F37172 /* BaseView.h */,
				2F56EF0A2AD7B76100F37172 /* BaseModel.h */,
				2F56EF0B2AD7B76100F37172 /* BaseNavController.m */,
				2F56EF0C2AD7B76100F37172 /* BaseViewController.h */,
				2F56EF0D2AD7B76100F37172 /* UserInfoTitleView.m */,
				2F56EF0E2AD7B76100F37172 /* MainTabBarController.h */,
				2F56EF0F2AD7B76100F37172 /* BaseTableView.h */,
				2F56EF102AD7B76100F37172 /* BasePopupView.m */,
			);
			path = Base;
			sourceTree = "<group>";
		};
		2F56EF112AD7B76100F37172 /* Vender */ = {
			isa = PBXGroup;
			children = (
				2F56EF122AD7B76100F37172 /* Nav */,
			);
			path = Vender;
			sourceTree = "<group>";
		};
		2F56EF122AD7B76100F37172 /* Nav */ = {
			isa = PBXGroup;
			children = (
				2F56EF132AD7B76100F37172 /* HBDNavigationBar.h */,
				2F56EF142AD7B76100F37172 /* HBDNavigationController.h */,
				2F56EF152AD7B76100F37172 /* UIViewController+HBD.m */,
				2F56EF162AD7B76100F37172 /* HBDNavigationBar.m */,
				2F56EF172AD7B76100F37172 /* UIViewController+HBD.h */,
				2F56EF182AD7B76100F37172 /* HBDNavigationController.m */,
			);
			path = Nav;
			sourceTree = "<group>";
		};
		2F5F74CC2AB7DFC5009814BA = {
			isa = PBXGroup;
			children = (
				2F5F74D72AB7DFC5009814BA /* HuanChengSDK */,
				2F5F74F32AB7DFC6009814BA /* HuanChengSDKTests */,
				2F5F74FD2AB7DFC6009814BA /* HuanChengSDKUITests */,
				2F5F74D62AB7DFC5009814BA /* Products */,
				04ACC0E4AA13F67B8A6854D7 /* Pods */,
				4C1A6F35F7327B23DD66AA15 /* Frameworks */,
			);
			sourceTree = "<group>";
		};
		2F5F74D62AB7DFC5009814BA /* Products */ = {
			isa = PBXGroup;
			children = (
				2F5F74D52AB7DFC5009814BA /* HuanChengSDK.app */,
				2F5F74F02AB7DFC6009814BA /* HuanChengSDKTests.xctest */,
				2F5F74FA2AB7DFC6009814BA /* HuanChengSDKUITests.xctest */,
			);
			name = Products;
			sourceTree = "<group>";
		};
		2F5F74D72AB7DFC5009814BA /* HuanChengSDK */ = {
			isa = PBXGroup;
			children = (
				2F56EE8C2AD7B76100F37172 /* HuanChengSDKFiles */,
				2F5F74D82AB7DFC5009814BA /* AppDelegate.h */,
				2F5F74D92AB7DFC5009814BA /* AppDelegate.m */,
				2F5F74DB2AB7DFC5009814BA /* SceneDelegate.h */,
				2F5F74DC2AB7DFC5009814BA /* SceneDelegate.m */,
				2F5F74DE2AB7DFC5009814BA /* ViewController.h */,
				2F5F74DF2AB7DFC5009814BA /* ViewController.m */,
				2F5F74E12AB7DFC5009814BA /* Main.storyboard */,
				2F5F74E42AB7DFC6009814BA /* Assets.xcassets */,
				2F5F74E62AB7DFC6009814BA /* LaunchScreen.storyboard */,
				2F5F74E92AB7DFC6009814BA /* Info.plist */,
				2F5F74EA2AB7DFC6009814BA /* main.m */,
			);
			path = HuanChengSDK;
			sourceTree = "<group>";
		};
		2F5F74F32AB7DFC6009814BA /* HuanChengSDKTests */ = {
			isa = PBXGroup;
			children = (
				2F5F74F42AB7DFC6009814BA /* HuanChengSDKTests.m */,
			);
			path = HuanChengSDKTests;
			sourceTree = "<group>";
		};
		2F5F74FD2AB7DFC6009814BA /* HuanChengSDKUITests */ = {
			isa = PBXGroup;
			children = (
				2F5F74FE2AB7DFC6009814BA /* HuanChengSDKUITests.m */,
				2F5F75002AB7DFC6009814BA /* HuanChengSDKUITestsLaunchTests.m */,
			);
			path = HuanChengSDKUITests;
			sourceTree = "<group>";
		};
		4C1A6F35F7327B23DD66AA15 /* Frameworks */ = {
			isa = PBXGroup;
			children = (
				8FF1A39D985F5328380198C2 /* Pods_HuanChengSDK.framework */,
			);
			name = Frameworks;
			sourceTree = "<group>";
		};
/* End PBXGroup section */

/* Begin PBXNativeTarget section */
		2F5F74D42AB7DFC5009814BA /* HuanChengSDK */ = {
			isa = PBXNativeTarget;
			buildConfigurationList = 2F5F75042AB7DFC6009814BA /* Build configuration list for PBXNativeTarget "HuanChengSDK" */;
			buildPhases = (
				6FD35C66F8679AF4A4DB983E /* [CP] Check Pods Manifest.lock */,
				2F5F74D12AB7DFC5009814BA /* Sources */,
				2F5F74D22AB7DFC5009814BA /* Frameworks */,
				2F5F74D32AB7DFC5009814BA /* Resources */,
				57B7A51926A852E2D8F01789 /* [CP] Embed Pods Frameworks */,
			);
			buildRules = (
			);
			dependencies = (
			);
			name = HuanChengSDK;
			productName = HuanChengSDK;
			productReference = 2F5F74D52AB7DFC5009814BA /* HuanChengSDK.app */;
			productType = "com.apple.product-type.application";
		};
		2F5F74EF2AB7DFC6009814BA /* HuanChengSDKTests */ = {
			isa = PBXNativeTarget;
			buildConfigurationList = 2F5F75072AB7DFC6009814BA /* Build configuration list for PBXNativeTarget "HuanChengSDKTests" */;
			buildPhases = (
				2F5F74EC2AB7DFC6009814BA /* Sources */,
				2F5F74ED2AB7DFC6009814BA /* Frameworks */,
				2F5F74EE2AB7DFC6009814BA /* Resources */,
			);
			buildRules = (
			);
			dependencies = (
				2F5F74F22AB7DFC6009814BA /* PBXTargetDependency */,
			);
			name = HuanChengSDKTests;
			productName = HuanChengSDKTests;
			productReference = 2F5F74F02AB7DFC6009814BA /* HuanChengSDKTests.xctest */;
			productType = "com.apple.product-type.bundle.unit-test";
		};
		2F5F74F92AB7DFC6009814BA /* HuanChengSDKUITests */ = {
			isa = PBXNativeTarget;
			buildConfigurationList = 2F5F750A2AB7DFC6009814BA /* Build configuration list for PBXNativeTarget "HuanChengSDKUITests" */;
			buildPhases = (
				2F5F74F62AB7DFC6009814BA /* Sources */,
				2F5F74F72AB7DFC6009814BA /* Frameworks */,
				2F5F74F82AB7DFC6009814BA /* Resources */,
			);
			buildRules = (
			);
			dependencies = (
				2F5F74FC2AB7DFC6009814BA /* PBXTargetDependency */,
			);
			name = HuanChengSDKUITests;
			productName = HuanChengSDKUITests;
			productReference = 2F5F74FA2AB7DFC6009814BA /* HuanChengSDKUITests.xctest */;
			productType = "com.apple.product-type.bundle.ui-testing";
		};
/* End PBXNativeTarget section */

/* Begin PBXProject section */
		2F5F74CD2AB7DFC5009814BA /* Project object */ = {
			isa = PBXProject;
			attributes = {
				BuildIndependentTargetsInParallel = 1;
				LastUpgradeCheck = 1430;
				TargetAttributes = {
					2F5F74D42AB7DFC5009814BA = {
						CreatedOnToolsVersion = 14.3;
					};
					2F5F74EF2AB7DFC6009814BA = {
						CreatedOnToolsVersion = 14.3;
						TestTargetID = 2F5F74D42AB7DFC5009814BA;
					};
					2F5F74F92AB7DFC6009814BA = {
						CreatedOnToolsVersion = 14.3;
						TestTargetID = 2F5F74D42AB7DFC5009814BA;
					};
				};
			};
			buildConfigurationList = 2F5F74D02AB7DFC5009814BA /* Build configuration list for PBXProject "HuanChengSDK" */;
			compatibilityVersion = "Xcode 13.0";
			developmentRegion = en;
			hasScannedForEncodings = 0;
			knownRegions = (
				en,
				Base,
			);
			mainGroup = 2F5F74CC2AB7DFC5009814BA;
			productRefGroup = 2F5F74D62AB7DFC5009814BA /* Products */;
			projectDirPath = "";
			projectRoot = "";
			targets = (
				2F5F74D42AB7DFC5009814BA /* HuanChengSDK */,
				2F5F74EF2AB7DFC6009814BA /* HuanChengSDKTests */,
				2F5F74F92AB7DFC6009814BA /* HuanChengSDKUITests */,
			);
		};
/* End PBXProject section */

/* Begin PBXResourcesBuildPhase section */
		2F5F74D32AB7DFC5009814BA /* Resources */ = {
			isa = PBXResourcesBuildPhase;
			buildActionMask = 2147483647;
			files = (
				2F5F74E82AB7DFC6009814BA /* LaunchScreen.storyboard in Resources */,
				2F5F74E52AB7DFC6009814BA /* Assets.xcassets in Resources */,
				2F5F74E32AB7DFC5009814BA /* Main.storyboard in Resources */,
			);
			runOnlyForDeploymentPostprocessing = 0;
		};
		2F5F74EE2AB7DFC6009814BA /* Resources */ = {
			isa = PBXResourcesBuildPhase;
			buildActionMask = 2147483647;
			files = (
			);
			runOnlyForDeploymentPostprocessing = 0;
		};
		2F5F74F82AB7DFC6009814BA /* Resources */ = {
			isa = PBXResourcesBuildPhase;
			buildActionMask = 2147483647;
			files = (
			);
			runOnlyForDeploymentPostprocessing = 0;
		};
/* End PBXResourcesBuildPhase section */

/* Begin PBXShellScriptBuildPhase section */
		57B7A51926A852E2D8F01789 /* [CP] Embed Pods Frameworks */ = {
			isa = PBXShellScriptBuildPhase;
			buildActionMask = 2147483647;
			files = (
			);
			inputFileListPaths = (
				"${PODS_ROOT}/Target Support Files/Pods-HuanChengSDK/Pods-HuanChengSDK-frameworks-${CONFIGURATION}-input-files.xcfilelist",
			);
			name = "[CP] Embed Pods Frameworks";
			outputFileListPaths = (
				"${PODS_ROOT}/Target Support Files/Pods-HuanChengSDK/Pods-HuanChengSDK-frameworks-${CONFIGURATION}-output-files.xcfilelist",
			);
			runOnlyForDeploymentPostprocessing = 0;
			shellPath = /bin/sh;
			shellScript = "\"${PODS_ROOT}/Target Support Files/Pods-HuanChengSDK/Pods-HuanChengSDK-frameworks.sh\"\n";
			showEnvVarsInLog = 0;
		};
		6FD35C66F8679AF4A4DB983E /* [CP] Check Pods Manifest.lock */ = {
			isa = PBXShellScriptBuildPhase;
			buildActionMask = 2147483647;
			files = (
			);
			inputFileListPaths = (
			);
			inputPaths = (
				"${PODS_PODFILE_DIR_PATH}/Podfile.lock",
				"${PODS_ROOT}/Manifest.lock",
			);
			name = "[CP] Check Pods Manifest.lock";
			outputFileListPaths = (
			);
			outputPaths = (
				"$(DERIVED_FILE_DIR)/Pods-HuanChengSDK-checkManifestLockResult.txt",
			);
			runOnlyForDeploymentPostprocessing = 0;
			shellPath = /bin/sh;
			shellScript = "diff \"${PODS_PODFILE_DIR_PATH}/Podfile.lock\" \"${PODS_ROOT}/Manifest.lock\" > /dev/null\nif [ $? != 0 ] ; then\n    # print error to STDERR\n    echo \"error: The sandbox is not in sync with the Podfile.lock. Run 'pod install' or update your CocoaPods installation.\" >&2\n    exit 1\nfi\n# This output is used by Xcode 'outputs' to avoid re-running this script phase.\necho \"SUCCESS\" > \"${SCRIPT_OUTPUT_FILE_0}\"\n";
			showEnvVarsInLog = 0;
		};
/* End PBXShellScriptBuildPhase section */

/* Begin PBXSourcesBuildPhase section */
		2F5F74D12AB7DFC5009814BA /* Sources */ = {
			isa = PBXSourcesBuildPhase;
			buildActionMask = 2147483647;
			files = (
				2F56EF412AD7B76100F37172 /* UIView+Extension.m in Sources */,
				2F56EF372AD7B76100F37172 /* UIViewController+RotationControl.m in Sources */,
				2F56EF3B2AD7B76100F37172 /* UITextView+Extension.m in Sources */,
				2F5F74E02AB7DFC5009814BA /* ViewController.m in Sources */,
				2F5F74DA2AB7DFC5009814BA /* AppDelegate.m in Sources */,
				2F56EF212AD7B76100F37172 /* AlertTool.m in Sources */,
				2F56EF352AD7B76100F37172 /* UIViewController+Extension.m in Sources */,
				2F56EF542AD7B76100F37172 /* UIViewController+HBD.m in Sources */,
				2F56EF2F2AD7B76100F37172 /* DGBackgroudDownloadCacheManager.m in Sources */,
				2F56EF482AD7B76100F37172 /* BaseTableViewCell.m in Sources */,
				2F56EF2C2AD7B76100F37172 /* DGBackgroudDownloadModel.m in Sources */,
				2F56EF4C2AD7B76100F37172 /* BaseModel.m in Sources */,
				2F56EF442AD7B76100F37172 /* RequestConst.m in Sources */,
				2F56EF292AD7B76100F37172 /* ProgressHUD.m in Sources */,
				2F56EF502AD7B76100F37172 /* BaseCollectionViewCell.m in Sources */,
				2F56EF432AD7B76100F37172 /* NetworkService.m in Sources */,
				2F56EF222AD7B76100F37172 /* LanguageTool.m in Sources */,
				2F56EF252AD7B76100F37172 /* AVAudioManager.m in Sources */,
				2F56EF272AD7B76100F37172 /* ToastTool.m in Sources */,
				2F56EF1A2AD7B76100F37172 /* PrivacyAuthorization.m in Sources */,
				2F56EF422AD7B76100F37172 /* NetworkComponent.m in Sources */,
				2F56EF3E2AD7B76100F37172 /* NSString+Extension.m in Sources */,
				2F56EF452AD7B76100F37172 /* TextConst.m in Sources */,
				2F56EF332AD7B76100F37172 /* FilePathTool.m in Sources */,
				2F56EF1D2AD7B76100F37172 /* RefreshHeader.m in Sources */,
				2F56EF1B2AD7B76100F37172 /* DownloadSoundManager.m in Sources */,
				2F56EF242AD7B76100F37172 /* ScreenshotTool.m in Sources */,
				2F56EF262AD7B76100F37172 /* DeviceTool.m in Sources */,
				2F56EF192AD7B76100F37172 /* AlignLabel.m in Sources */,
				2F56EF232AD7B76100F37172 /* KeyCenter.m in Sources */,
				2F56EF492AD7B76100F37172 /* CornerTableView.m in Sources */,
				2F5F74EB2AB7DFC6009814BA /* main.m in Sources */,
				2F56EF562AD7B76100F37172 /* HBDNavigationController.m in Sources */,
				2F56EF552AD7B76100F37172 /* HBDNavigationBar.m in Sources */,
				2F56EF362AD7B76100F37172 /* UIImage+Extension.m in Sources */,
				2F56EF522AD7B76100F37172 /* UserInfoTitleView.m in Sources */,
				2F56EF2E2AD7B76100F37172 /* NSData+Category.m in Sources */,
				2F56EF2D2AD7B76100F37172 /* DGBackgroudDownloadDelegate.m in Sources */,
				2F56EF342AD7B76100F37172 /* UILabel+Extension.m in Sources */,
				2F56EF322AD7B76100F37172 /* DGBackgroudDownloadManager.m in Sources */,
				2F56EF392AD7B76100F37172 /* UIFont+Extension.m in Sources */,
				2F56EF202AD7B76100F37172 /* AESTool.m in Sources */,
				2F56EF402AD7B76100F37172 /* UIButton+Extension.m in Sources */,
				2F56EF2B2AD7B76100F37172 /* FontTools.m in Sources */,
				2F56EF532AD7B76100F37172 /* BasePopupView.m in Sources */,
				2F5F74DD2AB7DFC5009814BA /* SceneDelegate.m in Sources */,
				2F56EF302AD7B76100F37172 /* DGBackgroudDownloadSaveModel.m in Sources */,
				2F56EF282AD7B76100F37172 /* CacheManager.m in Sources */,
				2F56EF512AD7B76100F37172 /* BaseNavController.m in Sources */,
				2F56EF1E2AD7B76100F37172 /* RefreshFooter.m in Sources */,
				2F56EF312AD7B76100F37172 /* NSURLSession+CorrectedResumeData.m in Sources */,
				2F56EF2A2AD7B76100F37172 /* ThirdTool.m in Sources */,
				2F56EF3A2AD7B76100F37172 /* NSDictionary+Extension.m in Sources */,
				2F56EF3C2AD7B76100F37172 /* NSDate+Extension.m in Sources */,
				2F56EF4B2AD7B76100F37172 /* BaseViewController.m in Sources */,
				2F56EF4D2AD7B76100F37172 /* BaseTableView.m in Sources */,
				2F56EF1C2AD7B76100F37172 /* InshortTF.m in Sources */,
				2F56EF4F2AD7B76100F37172 /* BaseCollectionView.m in Sources */,
				2F56EF4A2AD7B76100F37172 /* BaseView.m in Sources */,
				2F56EF472AD7B76100F37172 /* BaseUserInfoTitleViewController.m in Sources */,
				2F56EF382AD7B76100F37172 /* UIImageView+Extension.m in Sources */,
				2F56EF1F2AD7B76100F37172 /* RefreshManager.m in Sources */,
				2F56EF3F2AD7B76100F37172 /* UIAlertController+Extension.m in Sources */,
				2F56EF462AD7B76100F37172 /* BaseWebViewController.m in Sources */,
				2F56EF4E2AD7B76100F37172 /* MainTabBarController.m in Sources */,
				2F56EF3D2AD7B76100F37172 /* UIColor+Extension.m in Sources */,
			);
			runOnlyForDeploymentPostprocessing = 0;
		};
		2F5F74EC2AB7DFC6009814BA /* Sources */ = {
			isa = PBXSourcesBuildPhase;
			buildActionMask = 2147483647;
			files = (
				2F5F74F52AB7DFC6009814BA /* HuanChengSDKTests.m in Sources */,
			);
			runOnlyForDeploymentPostprocessing = 0;
		};
		2F5F74F62AB7DFC6009814BA /* Sources */ = {
			isa = PBXSourcesBuildPhase;
			buildActionMask = 2147483647;
			files = (
				2F5F75012AB7DFC6009814BA /* HuanChengSDKUITestsLaunchTests.m in Sources */,
				2F5F74FF2AB7DFC6009814BA /* HuanChengSDKUITests.m in Sources */,
			);
			runOnlyForDeploymentPostprocessing = 0;
		};
/* End PBXSourcesBuildPhase section */

/* Begin PBXTargetDependency section */
		2F5F74F22AB7DFC6009814BA /* PBXTargetDependency */ = {
			isa = PBXTargetDependency;
			target = 2F5F74D42AB7DFC5009814BA /* HuanChengSDK */;
			targetProxy = 2F5F74F12AB7DFC6009814BA /* PBXContainerItemProxy */;
		};
		2F5F74FC2AB7DFC6009814BA /* PBXTargetDependency */ = {
			isa = PBXTargetDependency;
			target = 2F5F74D42AB7DFC5009814BA /* HuanChengSDK */;
			targetProxy = 2F5F74FB2AB7DFC6009814BA /* PBXContainerItemProxy */;
		};
/* End PBXTargetDependency section */

/* Begin PBXVariantGroup section */
		2F5F74E12AB7DFC5009814BA /* Main.storyboard */ = {
			isa = PBXVariantGroup;
			children = (
				2F5F74E22AB7DFC5009814BA /* Base */,
			);
			name = Main.storyboard;
			sourceTree = "<group>";
		};
		2F5F74E62AB7DFC6009814BA /* LaunchScreen.storyboard */ = {
			isa = PBXVariantGroup;
			children = (
				2F5F74E72AB7DFC6009814BA /* Base */,
			);
			name = LaunchScreen.storyboard;
			sourceTree = "<group>";
		};
/* End PBXVariantGroup section */

/* Begin XCBuildConfiguration section */
		2F5F75022AB7DFC6009814BA /* Debug */ = {
			isa = XCBuildConfiguration;
			buildSettings = {
				ALWAYS_SEARCH_USER_PATHS = NO;
				CLANG_ANALYZER_NONNULL = YES;
				CLANG_ANALYZER_NUMBER_OBJECT_CONVERSION = YES_AGGRESSIVE;
				CLANG_CXX_LANGUAGE_STANDARD = "gnu++20";
				CLANG_ENABLE_MODULES = YES;
				CLANG_ENABLE_OBJC_ARC = YES;
				CLANG_ENABLE_OBJC_WEAK = YES;
				CLANG_WARN_BLOCK_CAPTURE_AUTORELEASING = YES;
				CLANG_WARN_BOOL_CONVERSION = YES;
				CLANG_WARN_COMMA = YES;
				CLANG_WARN_CONSTANT_CONVERSION = YES;
				CLANG_WARN_DEPRECATED_OBJC_IMPLEMENTATIONS = YES;
				CLANG_WARN_DIRECT_OBJC_ISA_USAGE = YES_ERROR;
				CLANG_WARN_DOCUMENTATION_COMMENTS = YES;
				CLANG_WARN_EMPTY_BODY = YES;
				CLANG_WARN_ENUM_CONVERSION = YES;
				CLANG_WARN_INFINITE_RECURSION = YES;
				CLANG_WARN_INT_CONVERSION = YES;
				CLANG_WARN_NON_LITERAL_NULL_CONVERSION = YES;
				CLANG_WARN_OBJC_IMPLICIT_RETAIN_SELF = YES;
				CLANG_WARN_OBJC_LITERAL_CONVERSION = YES;
				CLANG_WARN_OBJC_ROOT_CLASS = YES_ERROR;
				CLANG_WARN_QUOTED_INCLUDE_IN_FRAMEWORK_HEADER = YES;
				CLANG_WARN_RANGE_LOOP_ANALYSIS = YES;
				CLANG_WARN_STRICT_PROTOTYPES = YES;
				CLANG_WARN_SUSPICIOUS_MOVE = YES;
				CLANG_WARN_UNGUARDED_AVAILABILITY = YES_AGGRESSIVE;
				CLANG_WARN_UNREACHABLE_CODE = YES;
				CLANG_WARN__DUPLICATE_METHOD_MATCH = YES;
				COPY_PHASE_STRIP = NO;
				DEBUG_INFORMATION_FORMAT = dwarf;
				ENABLE_STRICT_OBJC_MSGSEND = YES;
				ENABLE_TESTABILITY = YES;
				GCC_C_LANGUAGE_STANDARD = gnu11;
				GCC_DYNAMIC_NO_PIC = NO;
				GCC_NO_COMMON_BLOCKS = YES;
				GCC_OPTIMIZATION_LEVEL = 0;
				GCC_PREPROCESSOR_DEFINITIONS = (
					"DEBUG=1",
					"$(inherited)",
				);
				GCC_WARN_64_TO_32_BIT_CONVERSION = YES;
				GCC_WARN_ABOUT_RETURN_TYPE = YES_ERROR;
				GCC_WARN_UNDECLARED_SELECTOR = YES;
				GCC_WARN_UNINITIALIZED_AUTOS = YES_AGGRESSIVE;
				GCC_WARN_UNUSED_FUNCTION = YES;
				GCC_WARN_UNUSED_VARIABLE = YES;
				IPHONEOS_DEPLOYMENT_TARGET = 16.4;
				MTL_ENABLE_DEBUG_INFO = INCLUDE_SOURCE;
				MTL_FAST_MATH = YES;
				ONLY_ACTIVE_ARCH = YES;
				SDKROOT = iphoneos;
			};
			name = Debug;
		};
		2F5F75032AB7DFC6009814BA /* Release */ = {
			isa = XCBuildConfiguration;
			buildSettings = {
				ALWAYS_SEARCH_USER_PATHS = NO;
				CLANG_ANALYZER_NONNULL = YES;
				CLANG_ANALYZER_NUMBER_OBJECT_CONVERSION = YES_AGGRESSIVE;
				CLANG_CXX_LANGUAGE_STANDARD = "gnu++20";
				CLANG_ENABLE_MODULES = YES;
				CLANG_ENABLE_OBJC_ARC = YES;
				CLANG_ENABLE_OBJC_WEAK = YES;
				CLANG_WARN_BLOCK_CAPTURE_AUTORELEASING = YES;
				CLANG_WARN_BOOL_CONVERSION = YES;
				CLANG_WARN_COMMA = YES;
				CLANG_WARN_CONSTANT_CONVERSION = YES;
				CLANG_WARN_DEPRECATED_OBJC_IMPLEMENTATIONS = YES;
				CLANG_WARN_DIRECT_OBJC_ISA_USAGE = YES_ERROR;
				CLANG_WARN_DOCUMENTATION_COMMENTS = YES;
				CLANG_WARN_EMPTY_BODY = YES;
				CLANG_WARN_ENUM_CONVERSION = YES;
				CLANG_WARN_INFINITE_RECURSION = YES;
				CLANG_WARN_INT_CONVERSION = YES;
				CLANG_WARN_NON_LITERAL_NULL_CONVERSION = YES;
				CLANG_WARN_OBJC_IMPLICIT_RETAIN_SELF = YES;
				CLANG_WARN_OBJC_LITERAL_CONVERSION = YES;
				CLANG_WARN_OBJC_ROOT_CLASS = YES_ERROR;
				CLANG_WARN_QUOTED_INCLUDE_IN_FRAMEWORK_HEADER = YES;
				CLANG_WARN_RANGE_LOOP_ANALYSIS = YES;
				CLANG_WARN_STRICT_PROTOTYPES = YES;
				CLANG_WARN_SUSPICIOUS_MOVE = YES;
				CLANG_WARN_UNGUARDED_AVAILABILITY = YES_AGGRESSIVE;
				CLANG_WARN_UNREACHABLE_CODE = YES;
				CLANG_WARN__DUPLICATE_METHOD_MATCH = YES;
				COPY_PHASE_STRIP = NO;
				DEBUG_INFORMATION_FORMAT = "dwarf-with-dsym";
				ENABLE_NS_ASSERTIONS = NO;
				ENABLE_STRICT_OBJC_MSGSEND = YES;
				GCC_C_LANGUAGE_STANDARD = gnu11;
				GCC_NO_COMMON_BLOCKS = YES;
				GCC_WARN_64_TO_32_BIT_CONVERSION = YES;
				GCC_WARN_ABOUT_RETURN_TYPE = YES_ERROR;
				GCC_WARN_UNDECLARED_SELECTOR = YES;
				GCC_WARN_UNINITIALIZED_AUTOS = YES_AGGRESSIVE;
				GCC_WARN_UNUSED_FUNCTION = YES;
				GCC_WARN_UNUSED_VARIABLE = YES;
				IPHONEOS_DEPLOYMENT_TARGET = 16.4;
				MTL_ENABLE_DEBUG_INFO = NO;
				MTL_FAST_MATH = YES;
				SDKROOT = iphoneos;
				VALIDATE_PRODUCT = YES;
			};
			name = Release;
		};
		2F5F75052AB7DFC6009814BA /* Debug */ = {
			isa = XCBuildConfiguration;
			baseConfigurationReference = 083785FB6083632322F55D9A /* Pods-HuanChengSDK.debug.xcconfig */;
			buildSettings = {
				ASSETCATALOG_COMPILER_APPICON_NAME = AppIcon;
				ASSETCATALOG_COMPILER_GLOBAL_ACCENT_COLOR_NAME = AccentColor;
				CODE_SIGN_STYLE = Automatic;
				CURRENT_PROJECT_VERSION = 1;
				DEVELOPMENT_TEAM = 7L6SMWNWFZ;
				GCC_PREFIX_HEADER = "$(SRCROOT)/HuanChengSDK/Macros/PrefixHeader.pch";
				GENERATE_INFOPLIST_FILE = YES;
				INFOPLIST_FILE = HuanChengSDK/Info.plist;
				INFOPLIST_KEY_UIApplicationSupportsIndirectInputEvents = YES;
				INFOPLIST_KEY_UILaunchStoryboardName = LaunchScreen;
				INFOPLIST_KEY_UIMainStoryboardFile = Main;
				INFOPLIST_KEY_UISupportedInterfaceOrientations = UIInterfaceOrientationPortrait;
				INFOPLIST_KEY_UISupportedInterfaceOrientations_iPad = "UIInterfaceOrientationLandscapeLeft UIInterfaceOrientationLandscapeRight UIInterfaceOrientationPortrait UIInterfaceOrientationPortraitUpsideDown";
				IPHONEOS_DEPLOYMENT_TARGET = 12.0;
				LD_RUNPATH_SEARCH_PATHS = (
					"$(inherited)",
					"@executable_path/Frameworks",
				);
				MARKETING_VERSION = 1.0.0;
				PRODUCT_BUNDLE_IDENTIFIER = com.huancheng.sdk.HuanChengSDK;
				PRODUCT_NAME = "$(TARGET_NAME)";
				SUPPORTED_PLATFORMS = "iphoneos iphonesimulator";
				SUPPORTS_MACCATALYST = NO;
				SUPPORTS_MAC_DESIGNED_FOR_IPHONE_IPAD = NO;
				SWIFT_EMIT_LOC_STRINGS = YES;
				TARGETED_DEVICE_FAMILY = 1;
			};
			name = Debug;
		};
		2F5F75062AB7DFC6009814BA /* Release */ = {
			isa = XCBuildConfiguration;
			baseConfigurationReference = B1095EB2FC53D7F5FA64DA01 /* Pods-HuanChengSDK.release.xcconfig */;
			buildSettings = {
				ASSETCATALOG_COMPILER_APPICON_NAME = AppIcon;
				ASSETCATALOG_COMPILER_GLOBAL_ACCENT_COLOR_NAME = AccentColor;
				CODE_SIGN_STYLE = Automatic;
				CURRENT_PROJECT_VERSION = 1;
				DEVELOPMENT_TEAM = 7L6SMWNWFZ;
				GCC_PREFIX_HEADER = "$(SRCROOT)/HuanChengSDK/Macros/PrefixHeader.pch";
				GENERATE_INFOPLIST_FILE = YES;
				INFOPLIST_FILE = HuanChengSDK/Info.plist;
				INFOPLIST_KEY_UIApplicationSupportsIndirectInputEvents = YES;
				INFOPLIST_KEY_UILaunchStoryboardName = LaunchScreen;
				INFOPLIST_KEY_UIMainStoryboardFile = Main;
				INFOPLIST_KEY_UISupportedInterfaceOrientations = UIInterfaceOrientationPortrait;
				INFOPLIST_KEY_UISupportedInterfaceOrientations_iPad = "UIInterfaceOrientationLandscapeLeft UIInterfaceOrientationLandscapeRight UIInterfaceOrientationPortrait UIInterfaceOrientationPortraitUpsideDown";
				IPHONEOS_DEPLOYMENT_TARGET = 12.0;
				LD_RUNPATH_SEARCH_PATHS = (
					"$(inherited)",
					"@executable_path/Frameworks",
				);
				MARKETING_VERSION = 1.0.0;
				PRODUCT_BUNDLE_IDENTIFIER = com.huancheng.sdk.HuanChengSDK;
				PRODUCT_NAME = "$(TARGET_NAME)";
				SUPPORTED_PLATFORMS = "iphoneos iphonesimulator";
				SUPPORTS_MACCATALYST = NO;
				SUPPORTS_MAC_DESIGNED_FOR_IPHONE_IPAD = NO;
				SWIFT_EMIT_LOC_STRINGS = YES;
				TARGETED_DEVICE_FAMILY = 1;
			};
			name = Release;
		};
		2F5F75082AB7DFC6009814BA /* Debug */ = {
			isa = XCBuildConfiguration;
			buildSettings = {
				BUNDLE_LOADER = "$(TEST_HOST)";
				CODE_SIGN_STYLE = Automatic;
				CURRENT_PROJECT_VERSION = 1;
				DEVELOPMENT_TEAM = 7L6SMWNWFZ;
				GENERATE_INFOPLIST_FILE = YES;
				IPHONEOS_DEPLOYMENT_TARGET = 16.4;
				MARKETING_VERSION = 1.0;
				PRODUCT_BUNDLE_IDENTIFIER = com.huancheng.sdk.HuanChengSDKTests;
				PRODUCT_NAME = "$(TARGET_NAME)";
				SWIFT_EMIT_LOC_STRINGS = NO;
				TARGETED_DEVICE_FAMILY = "1,2";
				TEST_HOST = "$(BUILT_PRODUCTS_DIR)/HuanChengSDK.app/$(BUNDLE_EXECUTABLE_FOLDER_PATH)/HuanChengSDK";
			};
			name = Debug;
		};
		2F5F75092AB7DFC6009814BA /* Release */ = {
			isa = XCBuildConfiguration;
			buildSettings = {
				BUNDLE_LOADER = "$(TEST_HOST)";
				CODE_SIGN_STYLE = Automatic;
				CURRENT_PROJECT_VERSION = 1;
				DEVELOPMENT_TEAM = 7L6SMWNWFZ;
				GENERATE_INFOPLIST_FILE = YES;
				IPHONEOS_DEPLOYMENT_TARGET = 16.4;
				MARKETING_VERSION = 1.0;
				PRODUCT_BUNDLE_IDENTIFIER = com.huancheng.sdk.HuanChengSDKTests;
				PRODUCT_NAME = "$(TARGET_NAME)";
				SWIFT_EMIT_LOC_STRINGS = NO;
				TARGETED_DEVICE_FAMILY = "1,2";
				TEST_HOST = "$(BUILT_PRODUCTS_DIR)/HuanChengSDK.app/$(BUNDLE_EXECUTABLE_FOLDER_PATH)/HuanChengSDK";
			};
			name = Release;
		};
		2F5F750B2AB7DFC6009814BA /* Debug */ = {
			isa = XCBuildConfiguration;
			buildSettings = {
				CODE_SIGN_STYLE = Automatic;
				CURRENT_PROJECT_VERSION = 1;
				DEVELOPMENT_TEAM = 7L6SMWNWFZ;
				GENERATE_INFOPLIST_FILE = YES;
				MARKETING_VERSION = 1.0;
				PRODUCT_BUNDLE_IDENTIFIER = com.huancheng.sdk.HuanChengSDKUITests;
				PRODUCT_NAME = "$(TARGET_NAME)";
				SWIFT_EMIT_LOC_STRINGS = NO;
				TARGETED_DEVICE_FAMILY = "1,2";
				TEST_TARGET_NAME = HuanChengSDK;
			};
			name = Debug;
		};
		2F5F750C2AB7DFC6009814BA /* Release */ = {
			isa = XCBuildConfiguration;
			buildSettings = {
				CODE_SIGN_STYLE = Automatic;
				CURRENT_PROJECT_VERSION = 1;
				DEVELOPMENT_TEAM = 7L6SMWNWFZ;
				GENERATE_INFOPLIST_FILE = YES;
				MARKETING_VERSION = 1.0;
				PRODUCT_BUNDLE_IDENTIFIER = com.huancheng.sdk.HuanChengSDKUITests;
				PRODUCT_NAME = "$(TARGET_NAME)";
				SWIFT_EMIT_LOC_STRINGS = NO;
				TARGETED_DEVICE_FAMILY = "1,2";
				TEST_TARGET_NAME = HuanChengSDK;
			};
			name = Release;
		};
/* End XCBuildConfiguration section */

/* Begin XCConfigurationList section */
		2F5F74D02AB7DFC5009814BA /* Build configuration list for PBXProject "HuanChengSDK" */ = {
			isa = XCConfigurationList;
			buildConfigurations = (
				2F5F75022AB7DFC6009814BA /* Debug */,
				2F5F75032AB7DFC6009814BA /* Release */,
			);
			defaultConfigurationIsVisible = 0;
			defaultConfigurationName = Release;
		};
		2F5F75042AB7DFC6009814BA /* Build configuration list for PBXNativeTarget "HuanChengSDK" */ = {
			isa = XCConfigurationList;
			buildConfigurations = (
				2F5F75052AB7DFC6009814BA /* Debug */,
				2F5F75062AB7DFC6009814BA /* Release */,
			);
			defaultConfigurationIsVisible = 0;
			defaultConfigurationName = Release;
		};
		2F5F75072AB7DFC6009814BA /* Build configuration list for PBXNativeTarget "HuanChengSDKTests" */ = {
			isa = XCConfigurationList;
			buildConfigurations = (
				2F5F75082AB7DFC6009814BA /* Debug */,
				2F5F75092AB7DFC6009814BA /* Release */,
			);
			defaultConfigurationIsVisible = 0;
			defaultConfigurationName = Release;
		};
		2F5F750A2AB7DFC6009814BA /* Build configuration list for PBXNativeTarget "HuanChengSDKUITests" */ = {
			isa = XCConfigurationList;
			buildConfigurations = (
				2F5F750B2AB7DFC6009814BA /* Debug */,
				2F5F750C2AB7DFC6009814BA /* Release */,
			);
			defaultConfigurationIsVisible = 0;
			defaultConfigurationName = Release;
		};
/* End XCConfigurationList section */
	};
	rootObject = 2F5F74CD2AB7DFC5009814BA /* Project object */;
}
